// !$*UTF8*$!
{
	archiveVersion = 1;
	classes = {
	};
	objectVersion = 50;
	objects = {

/* Begin PBXBuildFile section */
		1126C1A52773AFAF00C26BEC /* AppDelegate.swift in Sources */ = {isa = PBXBuildFile; fileRef = 1126C1A42773AFAF00C26BEC /* AppDelegate.swift */; };
		1126C1B22773AFB100C26BEC /* Assets.xcassets in Resources */ = {isa = PBXBuildFile; fileRef = 1126C1B12773AFB100C26BEC /* Assets.xcassets */; };
		1126C1B52773AFB100C26BEC /* LaunchScreen.storyboard in Resources */ = {isa = PBXBuildFile; fileRef = 1126C1B32773AFB100C26BEC /* LaunchScreen.storyboard */; };
		1126C1D22777711B00C26BEC /* Const.swift in Sources */ = {isa = PBXBuildFile; fileRef = 1126C1D12777711B00C26BEC /* Const.swift */; };
		1126C1D727778E1800C26BEC /* Polygon.swift in Sources */ = {isa = PBXBuildFile; fileRef = 1126C1D627778E1800C26BEC /* Polygon.swift */; };
		1126C1F927787ADB00C26BEC /* CGRect+Utils.swift in Sources */ = {isa = PBXBuildFile; fileRef = 1126C1F827787ADB00C26BEC /* CGRect+Utils.swift */; };
		1126C230277A205600C26BEC /* GameViewController.swift in Sources */ = {isa = PBXBuildFile; fileRef = 1126C22F277A205600C26BEC /* GameViewController.swift */; };
		1126C232277A206C00C26BEC /* GameScene.swift in Sources */ = {isa = PBXBuildFile; fileRef = 1126C231277A206C00C26BEC /* GameScene.swift */; };
		1126C23B277A2B3900C26BEC /* CGFloat+Utils.swift in Sources */ = {isa = PBXBuildFile; fileRef = 1126C23A277A2B3900C26BEC /* CGFloat+Utils.swift */; };
		1126C23D277A2B4600C26BEC /* CGPoint+Utils.swift in Sources */ = {isa = PBXBuildFile; fileRef = 1126C23C277A2B4600C26BEC /* CGPoint+Utils.swift */; };
		1126C23F277A2CDB00C26BEC /* ContactProcessor.swift in Sources */ = {isa = PBXBuildFile; fileRef = 1126C23E277A2CDA00C26BEC /* ContactProcessor.swift */; };
		1126C243277A2E0B00C26BEC /* Category.swift in Sources */ = {isa = PBXBuildFile; fileRef = 1126C242277A2E0B00C26BEC /* Category.swift */; };
		112EFB422791BDB400494CA0 /* Voronoi.h in Headers */ = {isa = PBXBuildFile; fileRef = 112EFB412791BDB400494CA0 /* Voronoi.h */; settings = {ATTRIBUTES = (Public, ); }; };
		112EFB452791BDB400494CA0 /* Voronoi.framework in Frameworks */ = {isa = PBXBuildFile; fileRef = 112EFB3F2791BDB400494CA0 /* Voronoi.framework */; };
		112EFB462791BDB400494CA0 /* Voronoi.framework in Embed Frameworks */ = {isa = PBXBuildFile; fileRef = 112EFB3F2791BDB400494CA0 /* Voronoi.framework */; settings = {ATTRIBUTES = (CodeSignOnCopy, RemoveHeadersOnCopy, ); }; };
		112EFB532791BDCA00494CA0 /* SwiftClipper.h in Headers */ = {isa = PBXBuildFile; fileRef = 112EFB522791BDCA00494CA0 /* SwiftClipper.h */; settings = {ATTRIBUTES = (Public, ); }; };
		112EFB562791BDCA00494CA0 /* SwiftClipper.framework in Frameworks */ = {isa = PBXBuildFile; fileRef = 112EFB502791BDCA00494CA0 /* SwiftClipper.framework */; };
		112EFB572791BDCA00494CA0 /* SwiftClipper.framework in Embed Frameworks */ = {isa = PBXBuildFile; fileRef = 112EFB502791BDCA00494CA0 /* SwiftClipper.framework */; settings = {ATTRIBUTES = (CodeSignOnCopy, RemoveHeadersOnCopy, ); }; };
		112EFB682791BE0100494CA0 /* TEdge.swift in Sources */ = {isa = PBXBuildFile; fileRef = 112EFB5B2791BE0000494CA0 /* TEdge.swift */; };
		112EFB692791BE0100494CA0 /* Rect.swift in Sources */ = {isa = PBXBuildFile; fileRef = 112EFB5C2791BE0000494CA0 /* Rect.swift */; };
		112EFB6A2791BE0100494CA0 /* SwiftClipper.swift in Sources */ = {isa = PBXBuildFile; fileRef = 112EFB5D2791BE0000494CA0 /* SwiftClipper.swift */; };
		112EFB6B2791BE0100494CA0 /* Defines.swift in Sources */ = {isa = PBXBuildFile; fileRef = 112EFB5E2791BE0000494CA0 /* Defines.swift */; };
		112EFB6C2791BE0100494CA0 /* PolyNode.swift in Sources */ = {isa = PBXBuildFile; fileRef = 112EFB5F2791BE0000494CA0 /* PolyNode.swift */; };
		112EFB6D2791BE0100494CA0 /* Point.swift in Sources */ = {isa = PBXBuildFile; fileRef = 112EFB602791BE0000494CA0 /* Point.swift */; };
		112EFB6E2791BE0100494CA0 /* Path+Offsetter.swift in Sources */ = {isa = PBXBuildFile; fileRef = 112EFB612791BE0000494CA0 /* Path+Offsetter.swift */; };
		112EFB6F2791BE0100494CA0 /* Offsetter.swift in Sources */ = {isa = PBXBuildFile; fileRef = 112EFB622791BE0000494CA0 /* Offsetter.swift */; };
		112EFB702791BE0100494CA0 /* OutRec.swift in Sources */ = {isa = PBXBuildFile; fileRef = 112EFB632791BE0100494CA0 /* OutRec.swift */; };
		112EFB712791BE0100494CA0 /* Path+Clipper.swift in Sources */ = {isa = PBXBuildFile; fileRef = 112EFB642791BE0100494CA0 /* Path+Clipper.swift */; };
		112EFB722791BE0100494CA0 /* Path+Geometry.swift in Sources */ = {isa = PBXBuildFile; fileRef = 112EFB652791BE0100494CA0 /* Path+Geometry.swift */; };
		112EFB732791BE0100494CA0 /* Clipper.swift in Sources */ = {isa = PBXBuildFile; fileRef = 112EFB662791BE0100494CA0 /* Clipper.swift */; };
		112EFB742791BE0100494CA0 /* ClipperBase.swift in Sources */ = {isa = PBXBuildFile; fileRef = 112EFB672791BE0100494CA0 /* ClipperBase.swift */; };
		112EFB902791BE1D00494CA0 /* FortuneSite.swift in Sources */ = {isa = PBXBuildFile; fileRef = 112EFB772791BE1D00494CA0 /* FortuneSite.swift */; };
		112EFB912791BE1D00494CA0 /* VEdge.swift in Sources */ = {isa = PBXBuildFile; fileRef = 112EFB782791BE1D00494CA0 /* VEdge.swift */; };
		112EFB922791BE1D00494CA0 /* HashSet.swift in Sources */ = {isa = PBXBuildFile; fileRef = 112EFB792791BE1D00494CA0 /* HashSet.swift */; };
		112EFB932791BE1D00494CA0 /* VPoint.swift in Sources */ = {isa = PBXBuildFile; fileRef = 112EFB7A2791BE1D00494CA0 /* VPoint.swift */; };
		112EFB942791BE1D00494CA0 /* BorderInfoAggregator.swift in Sources */ = {isa = PBXBuildFile; fileRef = 112EFB7B2791BE1D00494CA0 /* BorderInfoAggregator.swift */; };
		112EFB952791BE1D00494CA0 /* MinHeap.swift in Sources */ = {isa = PBXBuildFile; fileRef = 112EFB7C2791BE1D00494CA0 /* MinHeap.swift */; };
		112EFB962791BE1D00494CA0 /* FortuneCircleEvent.swift in Sources */ = {isa = PBXBuildFile; fileRef = 112EFB7D2791BE1D00494CA0 /* FortuneCircleEvent.swift */; };
		112EFB972791BE1D00494CA0 /* FortuneEvent.swift in Sources */ = {isa = PBXBuildFile; fileRef = 112EFB7E2791BE1D00494CA0 /* FortuneEvent.swift */; };
		112EFB982791BE1D00494CA0 /* FortuneSiteEvent.swift in Sources */ = {isa = PBXBuildFile; fileRef = 112EFB7F2791BE1D00494CA0 /* FortuneSiteEvent.swift */; };
		112EFB992791BE1D00494CA0 /* RBTree.swift in Sources */ = {isa = PBXBuildFile; fileRef = 112EFB802791BE1D00494CA0 /* RBTree.swift */; };
		112EFB9A2791BE1D00494CA0 /* BeachLine.swift in Sources */ = {isa = PBXBuildFile; fileRef = 112EFB812791BE1D00494CA0 /* BeachLine.swift */; };
		112EFB9B2791BE1D00494CA0 /* PolygonCalculation.swift in Sources */ = {isa = PBXBuildFile; fileRef = 112EFB832791BE1D00494CA0 /* PolygonCalculation.swift */; };
		112EFB9C2791BE1D00494CA0 /* ParabolaMath.swift in Sources */ = {isa = PBXBuildFile; fileRef = 112EFB842791BE1D00494CA0 /* ParabolaMath.swift */; };
		112EFB9D2791BE1D00494CA0 /* Approx.swift in Sources */ = {isa = PBXBuildFile; fileRef = 112EFB852791BE1D00494CA0 /* Approx.swift */; };
		112EFB9E2791BE1D00494CA0 /* ClipRectInternal.swift in Sources */ = {isa = PBXBuildFile; fileRef = 112EFB862791BE1D00494CA0 /* ClipRectInternal.swift */; };
		112EFB9F2791BE1D00494CA0 /* ClipBorderEdgeCalculation.swift in Sources */ = {isa = PBXBuildFile; fileRef = 112EFB872791BE1D00494CA0 /* ClipBorderEdgeCalculation.swift */; };
		112EFBA02791BE1D00494CA0 /* FortunesAlgorithm.swift in Sources */ = {isa = PBXBuildFile; fileRef = 112EFB882791BE1D00494CA0 /* FortunesAlgorithm.swift */; };
		112EFBA12791BE1D00494CA0 /* LineSegmentIntersection.swift in Sources */ = {isa = PBXBuildFile; fileRef = 112EFB892791BE1D00494CA0 /* LineSegmentIntersection.swift */; };
		112EFBA22791BE1D00494CA0 /* Edge.swift in Sources */ = {isa = PBXBuildFile; fileRef = 112EFB8B2791BE1D00494CA0 /* Edge.swift */; };
		112EFBA32791BE1D00494CA0 /* Voronoi.swift in Sources */ = {isa = PBXBuildFile; fileRef = 112EFB8C2791BE1D00494CA0 /* Voronoi.swift */; };
		112EFBA42791BE1D00494CA0 /* SitePoint.swift in Sources */ = {isa = PBXBuildFile; fileRef = 112EFB8D2791BE1D00494CA0 /* SitePoint.swift */; };
		112EFBA52791BE1D00494CA0 /* Site.swift in Sources */ = {isa = PBXBuildFile; fileRef = 112EFB8E2791BE1D00494CA0 /* Site.swift */; };
		112EFBA62791BE1D00494CA0 /* ClipRect.swift in Sources */ = {isa = PBXBuildFile; fileRef = 112EFB8F2791BE1D00494CA0 /* ClipRect.swift */; };
		112EFBA82791C42500494CA0 /* Polygon+Utils.swift in Sources */ = {isa = PBXBuildFile; fileRef = 112EFBA72791C42500494CA0 /* Polygon+Utils.swift */; };
		112EFBAA2791C5B300494CA0 /* Polygon+Init.swift in Sources */ = {isa = PBXBuildFile; fileRef = 112EFBA92791C5B300494CA0 /* Polygon+Init.swift */; };
		112EFBB32794274400494CA0 /* PoissonDisk.h in Headers */ = {isa = PBXBuildFile; fileRef = 112EFBB22794274400494CA0 /* PoissonDisk.h */; settings = {ATTRIBUTES = (Public, ); }; };
		112EFBB62794274400494CA0 /* PoissonDisk.framework in Frameworks */ = {isa = PBXBuildFile; fileRef = 112EFBB02794274400494CA0 /* PoissonDisk.framework */; };
		112EFBB72794274400494CA0 /* PoissonDisk.framework in Embed Frameworks */ = {isa = PBXBuildFile; fileRef = 112EFBB02794274400494CA0 /* PoissonDisk.framework */; settings = {ATTRIBUTES = (CodeSignOnCopy, RemoveHeadersOnCopy, ); }; };
		112EFBC127944D7400494CA0 /* Grid.swift in Sources */ = {isa = PBXBuildFile; fileRef = 112EFBBD27944D7400494CA0 /* Grid.swift */; };
		112EFBC227944D7400494CA0 /* Point.swift in Sources */ = {isa = PBXBuildFile; fileRef = 112EFBBE27944D7400494CA0 /* Point.swift */; };
		112EFBC327944D7400494CA0 /* PoissonDiskSampling.swift in Sources */ = {isa = PBXBuildFile; fileRef = 112EFBBF27944D7400494CA0 /* PoissonDiskSampling.swift */; };
		112EFBC427944D7400494CA0 /* GridPoint.swift in Sources */ = {isa = PBXBuildFile; fileRef = 112EFBC027944D7400494CA0 /* GridPoint.swift */; };
		115DFA8D279868BC00B09FF2 /* WeaponPickerView.swift in Sources */ = {isa = PBXBuildFile; fileRef = 115DFA8C279868BC00B09FF2 /* WeaponPickerView.swift */; };
		115DFA8F27986A1100B09FF2 /* WeaponButton.swift in Sources */ = {isa = PBXBuildFile; fileRef = 115DFA8E27986A1100B09FF2 /* WeaponButton.swift */; };
		1196A57D27B2E26300150DE0 /* Missle.swift in Sources */ = {isa = PBXBuildFile; fileRef = 1196A57C27B2E26300150DE0 /* Missle.swift */; };
		1196A58827B4252300150DE0 /* Weapon.swift in Sources */ = {isa = PBXBuildFile; fileRef = 1196A58727B4252300150DE0 /* Weapon.swift */; };
		11FCBA6F27A45BD700A25665 /* BaseChunk.swift in Sources */ = {isa = PBXBuildFile; fileRef = 11FCBA6E27A45BD700A25665 /* BaseChunk.swift */; };
		11FCBA9827A5D06B00A25665 /* World.swift in Sources */ = {isa = PBXBuildFile; fileRef = 11FCBA9727A5D06B00A25665 /* World.swift */; };
		11FCBA9A27A5D08200A25665 /* Chunk.swift in Sources */ = {isa = PBXBuildFile; fileRef = 11FCBA9927A5D08200A25665 /* Chunk.swift */; };
		11FCBA9C27A5D0AE00A25665 /* Material.swift in Sources */ = {isa = PBXBuildFile; fileRef = 11FCBA9B27A5D0AE00A25665 /* Material.swift */; };
		11FCBA9E27A5D81000A25665 /* Player.swift in Sources */ = {isa = PBXBuildFile; fileRef = 11FCBA9D27A5D81000A25665 /* Player.swift */; };
/* End PBXBuildFile section */

/* Begin PBXContainerItemProxy section */
		112EFB432791BDB400494CA0 /* PBXContainerItemProxy */ = {
			isa = PBXContainerItemProxy;
			containerPortal = 11D1139925D9A7B50063F332 /* Project object */;
			proxyType = 1;
			remoteGlobalIDString = 112EFB3E2791BDB400494CA0;
			remoteInfo = Voronoi;
		};
		112EFB542791BDCA00494CA0 /* PBXContainerItemProxy */ = {
			isa = PBXContainerItemProxy;
			containerPortal = 11D1139925D9A7B50063F332 /* Project object */;
			proxyType = 1;
			remoteGlobalIDString = 112EFB4F2791BDCA00494CA0;
			remoteInfo = SwiftClipper;
		};
		112EFBB42794274400494CA0 /* PBXContainerItemProxy */ = {
			isa = PBXContainerItemProxy;
			containerPortal = 11D1139925D9A7B50063F332 /* Project object */;
			proxyType = 1;
			remoteGlobalIDString = 112EFBAF2794274400494CA0;
			remoteInfo = PoissonDisk;
		};
/* End PBXContainerItemProxy section */

/* Begin PBXCopyFilesBuildPhase section */
		112EFB472791BDB400494CA0 /* Embed Frameworks */ = {
			isa = PBXCopyFilesBuildPhase;
			buildActionMask = 2147483647;
			dstPath = "";
			dstSubfolderSpec = 10;
			files = (
				112EFB572791BDCA00494CA0 /* SwiftClipper.framework in Embed Frameworks */,
				112EFB462791BDB400494CA0 /* Voronoi.framework in Embed Frameworks */,
				112EFBB72794274400494CA0 /* PoissonDisk.framework in Embed Frameworks */,
			);
			name = "Embed Frameworks";
			runOnlyForDeploymentPostprocessing = 0;
		};
/* End PBXCopyFilesBuildPhase section */

/* Begin PBXFileReference section */
		1126C1A22773AFAF00C26BEC /* ZobbleBobble.app */ = {isa = PBXFileReference; explicitFileType = wrapper.application; includeInIndex = 0; path = ZobbleBobble.app; sourceTree = BUILT_PRODUCTS_DIR; };
		1126C1A42773AFAF00C26BEC /* AppDelegate.swift */ = {isa = PBXFileReference; lastKnownFileType = sourcecode.swift; path = AppDelegate.swift; sourceTree = "<group>"; };
		1126C1B12773AFB100C26BEC /* Assets.xcassets */ = {isa = PBXFileReference; lastKnownFileType = folder.assetcatalog; path = Assets.xcassets; sourceTree = "<group>"; };
		1126C1B42773AFB100C26BEC /* Base */ = {isa = PBXFileReference; lastKnownFileType = file.storyboard; name = Base; path = Base.lproj/LaunchScreen.storyboard; sourceTree = "<group>"; };
		1126C1BE2773B19400C26BEC /* DebugViewController.swift */ = {isa = PBXFileReference; lastKnownFileType = sourcecode.swift; path = DebugViewController.swift; sourceTree = "<group>"; };
		1126C1CB27776F7900C26BEC /* Terrain.swift */ = {isa = PBXFileReference; lastKnownFileType = sourcecode.swift; path = Terrain.swift; sourceTree = "<group>"; };
		1126C1CD27776F9500C26BEC /* Chunk.swift */ = {isa = PBXFileReference; lastKnownFileType = sourcecode.swift; path = Chunk.swift; sourceTree = "<group>"; };
		1126C1D12777711B00C26BEC /* Const.swift */ = {isa = PBXFileReference; lastKnownFileType = sourcecode.swift; path = Const.swift; sourceTree = "<group>"; };
		1126C1D42777787600C26BEC /* DebugDrawView.swift */ = {isa = PBXFileReference; lastKnownFileType = sourcecode.swift; path = DebugDrawView.swift; sourceTree = "<group>"; };
		1126C1D627778E1800C26BEC /* Polygon.swift */ = {isa = PBXFileReference; lastKnownFileType = sourcecode.swift; path = Polygon.swift; sourceTree = "<group>"; };
		1126C1D82777A4CD00C26BEC /* TerrainGenerator.swift */ = {isa = PBXFileReference; lastKnownFileType = sourcecode.swift; path = TerrainGenerator.swift; sourceTree = "<group>"; };
		1126C1F827787ADB00C26BEC /* CGRect+Utils.swift */ = {isa = PBXFileReference; lastKnownFileType = sourcecode.swift; path = "CGRect+Utils.swift"; sourceTree = "<group>"; };
		1126C22F277A205600C26BEC /* GameViewController.swift */ = {isa = PBXFileReference; lastKnownFileType = sourcecode.swift; path = GameViewController.swift; sourceTree = "<group>"; };
		1126C231277A206C00C26BEC /* GameScene.swift */ = {isa = PBXFileReference; lastKnownFileType = sourcecode.swift; path = GameScene.swift; sourceTree = "<group>"; };
		1126C233277A211300C26BEC /* TerrainNode.swift */ = {isa = PBXFileReference; lastKnownFileType = sourcecode.swift; path = TerrainNode.swift; sourceTree = "<group>"; };
		1126C235277A212C00C26BEC /* ChunkNode.swift */ = {isa = PBXFileReference; lastKnownFileType = sourcecode.swift; path = ChunkNode.swift; sourceTree = "<group>"; };
		1126C237277A268400C26BEC /* PlayerNode.swift */ = {isa = PBXFileReference; lastKnownFileType = sourcecode.swift; path = PlayerNode.swift; sourceTree = "<group>"; };
		1126C23A277A2B3900C26BEC /* CGFloat+Utils.swift */ = {isa = PBXFileReference; lastKnownFileType = sourcecode.swift; path = "CGFloat+Utils.swift"; sourceTree = "<group>"; };
		1126C23C277A2B4600C26BEC /* CGPoint+Utils.swift */ = {isa = PBXFileReference; lastKnownFileType = sourcecode.swift; path = "CGPoint+Utils.swift"; sourceTree = "<group>"; };
		1126C23E277A2CDA00C26BEC /* ContactProcessor.swift */ = {isa = PBXFileReference; fileEncoding = 4; lastKnownFileType = sourcecode.swift; path = ContactProcessor.swift; sourceTree = "<group>"; };
		1126C240277A2D0100C26BEC /* MissleNode.swift */ = {isa = PBXFileReference; lastKnownFileType = sourcecode.swift; path = MissleNode.swift; sourceTree = "<group>"; };
		1126C242277A2E0B00C26BEC /* Category.swift */ = {isa = PBXFileReference; fileEncoding = 4; lastKnownFileType = sourcecode.swift; path = Category.swift; sourceTree = "<group>"; };
		112EFB3F2791BDB400494CA0 /* Voronoi.framework */ = {isa = PBXFileReference; explicitFileType = wrapper.framework; includeInIndex = 0; path = Voronoi.framework; sourceTree = BUILT_PRODUCTS_DIR; };
		112EFB412791BDB400494CA0 /* Voronoi.h */ = {isa = PBXFileReference; lastKnownFileType = sourcecode.c.h; path = Voronoi.h; sourceTree = "<group>"; };
		112EFB502791BDCA00494CA0 /* SwiftClipper.framework */ = {isa = PBXFileReference; explicitFileType = wrapper.framework; includeInIndex = 0; path = SwiftClipper.framework; sourceTree = BUILT_PRODUCTS_DIR; };
		112EFB522791BDCA00494CA0 /* SwiftClipper.h */ = {isa = PBXFileReference; lastKnownFileType = sourcecode.c.h; path = SwiftClipper.h; sourceTree = "<group>"; };
		112EFB5B2791BE0000494CA0 /* TEdge.swift */ = {isa = PBXFileReference; fileEncoding = 4; lastKnownFileType = sourcecode.swift; path = TEdge.swift; sourceTree = "<group>"; };
		112EFB5C2791BE0000494CA0 /* Rect.swift */ = {isa = PBXFileReference; fileEncoding = 4; lastKnownFileType = sourcecode.swift; path = Rect.swift; sourceTree = "<group>"; };
		112EFB5D2791BE0000494CA0 /* SwiftClipper.swift */ = {isa = PBXFileReference; fileEncoding = 4; lastKnownFileType = sourcecode.swift; path = SwiftClipper.swift; sourceTree = "<group>"; };
		112EFB5E2791BE0000494CA0 /* Defines.swift */ = {isa = PBXFileReference; fileEncoding = 4; lastKnownFileType = sourcecode.swift; path = Defines.swift; sourceTree = "<group>"; };
		112EFB5F2791BE0000494CA0 /* PolyNode.swift */ = {isa = PBXFileReference; fileEncoding = 4; lastKnownFileType = sourcecode.swift; path = PolyNode.swift; sourceTree = "<group>"; };
		112EFB602791BE0000494CA0 /* Point.swift */ = {isa = PBXFileReference; fileEncoding = 4; lastKnownFileType = sourcecode.swift; path = Point.swift; sourceTree = "<group>"; };
		112EFB612791BE0000494CA0 /* Path+Offsetter.swift */ = {isa = PBXFileReference; fileEncoding = 4; lastKnownFileType = sourcecode.swift; path = "Path+Offsetter.swift"; sourceTree = "<group>"; };
		112EFB622791BE0000494CA0 /* Offsetter.swift */ = {isa = PBXFileReference; fileEncoding = 4; lastKnownFileType = sourcecode.swift; path = Offsetter.swift; sourceTree = "<group>"; };
		112EFB632791BE0100494CA0 /* OutRec.swift */ = {isa = PBXFileReference; fileEncoding = 4; lastKnownFileType = sourcecode.swift; path = OutRec.swift; sourceTree = "<group>"; };
		112EFB642791BE0100494CA0 /* Path+Clipper.swift */ = {isa = PBXFileReference; fileEncoding = 4; lastKnownFileType = sourcecode.swift; path = "Path+Clipper.swift"; sourceTree = "<group>"; };
		112EFB652791BE0100494CA0 /* Path+Geometry.swift */ = {isa = PBXFileReference; fileEncoding = 4; lastKnownFileType = sourcecode.swift; path = "Path+Geometry.swift"; sourceTree = "<group>"; };
		112EFB662791BE0100494CA0 /* Clipper.swift */ = {isa = PBXFileReference; fileEncoding = 4; lastKnownFileType = sourcecode.swift; path = Clipper.swift; sourceTree = "<group>"; };
		112EFB672791BE0100494CA0 /* ClipperBase.swift */ = {isa = PBXFileReference; fileEncoding = 4; lastKnownFileType = sourcecode.swift; path = ClipperBase.swift; sourceTree = "<group>"; };
		112EFB772791BE1D00494CA0 /* FortuneSite.swift */ = {isa = PBXFileReference; fileEncoding = 4; lastKnownFileType = sourcecode.swift; path = FortuneSite.swift; sourceTree = "<group>"; };
		112EFB782791BE1D00494CA0 /* VEdge.swift */ = {isa = PBXFileReference; fileEncoding = 4; lastKnownFileType = sourcecode.swift; path = VEdge.swift; sourceTree = "<group>"; };
		112EFB792791BE1D00494CA0 /* HashSet.swift */ = {isa = PBXFileReference; fileEncoding = 4; lastKnownFileType = sourcecode.swift; path = HashSet.swift; sourceTree = "<group>"; };
		112EFB7A2791BE1D00494CA0 /* VPoint.swift */ = {isa = PBXFileReference; fileEncoding = 4; lastKnownFileType = sourcecode.swift; path = VPoint.swift; sourceTree = "<group>"; };
		112EFB7B2791BE1D00494CA0 /* BorderInfoAggregator.swift */ = {isa = PBXFileReference; fileEncoding = 4; lastKnownFileType = sourcecode.swift; path = BorderInfoAggregator.swift; sourceTree = "<group>"; };
		112EFB7C2791BE1D00494CA0 /* MinHeap.swift */ = {isa = PBXFileReference; fileEncoding = 4; lastKnownFileType = sourcecode.swift; path = MinHeap.swift; sourceTree = "<group>"; };
		112EFB7D2791BE1D00494CA0 /* FortuneCircleEvent.swift */ = {isa = PBXFileReference; fileEncoding = 4; lastKnownFileType = sourcecode.swift; path = FortuneCircleEvent.swift; sourceTree = "<group>"; };
		112EFB7E2791BE1D00494CA0 /* FortuneEvent.swift */ = {isa = PBXFileReference; fileEncoding = 4; lastKnownFileType = sourcecode.swift; path = FortuneEvent.swift; sourceTree = "<group>"; };
		112EFB7F2791BE1D00494CA0 /* FortuneSiteEvent.swift */ = {isa = PBXFileReference; fileEncoding = 4; lastKnownFileType = sourcecode.swift; path = FortuneSiteEvent.swift; sourceTree = "<group>"; };
		112EFB802791BE1D00494CA0 /* RBTree.swift */ = {isa = PBXFileReference; fileEncoding = 4; lastKnownFileType = sourcecode.swift; path = RBTree.swift; sourceTree = "<group>"; };
		112EFB812791BE1D00494CA0 /* BeachLine.swift */ = {isa = PBXFileReference; fileEncoding = 4; lastKnownFileType = sourcecode.swift; path = BeachLine.swift; sourceTree = "<group>"; };
		112EFB832791BE1D00494CA0 /* PolygonCalculation.swift */ = {isa = PBXFileReference; fileEncoding = 4; lastKnownFileType = sourcecode.swift; path = PolygonCalculation.swift; sourceTree = "<group>"; };
		112EFB842791BE1D00494CA0 /* ParabolaMath.swift */ = {isa = PBXFileReference; fileEncoding = 4; lastKnownFileType = sourcecode.swift; path = ParabolaMath.swift; sourceTree = "<group>"; };
		112EFB852791BE1D00494CA0 /* Approx.swift */ = {isa = PBXFileReference; fileEncoding = 4; lastKnownFileType = sourcecode.swift; path = Approx.swift; sourceTree = "<group>"; };
		112EFB862791BE1D00494CA0 /* ClipRectInternal.swift */ = {isa = PBXFileReference; fileEncoding = 4; lastKnownFileType = sourcecode.swift; path = ClipRectInternal.swift; sourceTree = "<group>"; };
		112EFB872791BE1D00494CA0 /* ClipBorderEdgeCalculation.swift */ = {isa = PBXFileReference; fileEncoding = 4; lastKnownFileType = sourcecode.swift; path = ClipBorderEdgeCalculation.swift; sourceTree = "<group>"; };
		112EFB882791BE1D00494CA0 /* FortunesAlgorithm.swift */ = {isa = PBXFileReference; fileEncoding = 4; lastKnownFileType = sourcecode.swift; path = FortunesAlgorithm.swift; sourceTree = "<group>"; };
		112EFB892791BE1D00494CA0 /* LineSegmentIntersection.swift */ = {isa = PBXFileReference; fileEncoding = 4; lastKnownFileType = sourcecode.swift; path = LineSegmentIntersection.swift; sourceTree = "<group>"; };
		112EFB8B2791BE1D00494CA0 /* Edge.swift */ = {isa = PBXFileReference; fileEncoding = 4; lastKnownFileType = sourcecode.swift; path = Edge.swift; sourceTree = "<group>"; };
		112EFB8C2791BE1D00494CA0 /* Voronoi.swift */ = {isa = PBXFileReference; fileEncoding = 4; lastKnownFileType = sourcecode.swift; path = Voronoi.swift; sourceTree = "<group>"; };
		112EFB8D2791BE1D00494CA0 /* SitePoint.swift */ = {isa = PBXFileReference; fileEncoding = 4; lastKnownFileType = sourcecode.swift; path = SitePoint.swift; sourceTree = "<group>"; };
		112EFB8E2791BE1D00494CA0 /* Site.swift */ = {isa = PBXFileReference; fileEncoding = 4; lastKnownFileType = sourcecode.swift; path = Site.swift; sourceTree = "<group>"; };
		112EFB8F2791BE1D00494CA0 /* ClipRect.swift */ = {isa = PBXFileReference; fileEncoding = 4; lastKnownFileType = sourcecode.swift; path = ClipRect.swift; sourceTree = "<group>"; };
		112EFBA72791C42500494CA0 /* Polygon+Utils.swift */ = {isa = PBXFileReference; lastKnownFileType = sourcecode.swift; path = "Polygon+Utils.swift"; sourceTree = "<group>"; };
		112EFBA92791C5B300494CA0 /* Polygon+Init.swift */ = {isa = PBXFileReference; lastKnownFileType = sourcecode.swift; path = "Polygon+Init.swift"; sourceTree = "<group>"; };
		112EFBB02794274400494CA0 /* PoissonDisk.framework */ = {isa = PBXFileReference; explicitFileType = wrapper.framework; includeInIndex = 0; path = PoissonDisk.framework; sourceTree = BUILT_PRODUCTS_DIR; };
		112EFBB22794274400494CA0 /* PoissonDisk.h */ = {isa = PBXFileReference; lastKnownFileType = sourcecode.c.h; path = PoissonDisk.h; sourceTree = "<group>"; };
		112EFBBB27942F8400494CA0 /* Material.swift */ = {isa = PBXFileReference; lastKnownFileType = sourcecode.swift; path = Material.swift; sourceTree = "<group>"; };
		112EFBBD27944D7400494CA0 /* Grid.swift */ = {isa = PBXFileReference; fileEncoding = 4; lastKnownFileType = sourcecode.swift; path = Grid.swift; sourceTree = "<group>"; };
		112EFBBE27944D7400494CA0 /* Point.swift */ = {isa = PBXFileReference; fileEncoding = 4; lastKnownFileType = sourcecode.swift; path = Point.swift; sourceTree = "<group>"; };
		112EFBBF27944D7400494CA0 /* PoissonDiskSampling.swift */ = {isa = PBXFileReference; fileEncoding = 4; lastKnownFileType = sourcecode.swift; path = PoissonDiskSampling.swift; sourceTree = "<group>"; };
		112EFBC027944D7400494CA0 /* GridPoint.swift */ = {isa = PBXFileReference; fileEncoding = 4; lastKnownFileType = sourcecode.swift; path = GridPoint.swift; sourceTree = "<group>"; };
		115DFA8C279868BC00B09FF2 /* WeaponPickerView.swift */ = {isa = PBXFileReference; lastKnownFileType = sourcecode.swift; path = WeaponPickerView.swift; sourceTree = "<group>"; };
		115DFA8E27986A1100B09FF2 /* WeaponButton.swift */ = {isa = PBXFileReference; lastKnownFileType = sourcecode.swift; path = WeaponButton.swift; sourceTree = "<group>"; };
		115DFA9027987E4100B09FF2 /* BazookaNode.swift */ = {isa = PBXFileReference; lastKnownFileType = sourcecode.swift; path = BazookaNode.swift; sourceTree = "<group>"; };
		115DFA9427987EE100B09FF2 /* RocketNode.swift */ = {isa = PBXFileReference; lastKnownFileType = sourcecode.swift; path = RocketNode.swift; sourceTree = "<group>"; };
		1196A57C27B2E26300150DE0 /* Missle.swift */ = {isa = PBXFileReference; lastKnownFileType = sourcecode.swift; path = Missle.swift; sourceTree = "<group>"; };
		1196A58727B4252300150DE0 /* Weapon.swift */ = {isa = PBXFileReference; lastKnownFileType = sourcecode.swift; path = Weapon.swift; sourceTree = "<group>"; };
		11A4F7DA279C82DD005E7FEC /* GunNode.swift */ = {isa = PBXFileReference; lastKnownFileType = sourcecode.swift; path = GunNode.swift; sourceTree = "<group>"; };
		11A4F7DC279C8361005E7FEC /* BulletNode.swift */ = {isa = PBXFileReference; lastKnownFileType = sourcecode.swift; path = BulletNode.swift; sourceTree = "<group>"; };
		11A4F7E8279F33A4005E7FEC /* CoreNode.swift */ = {isa = PBXFileReference; lastKnownFileType = sourcecode.swift; path = CoreNode.swift; sourceTree = "<group>"; };
		11CB370B27971F86008A2EAF /* WeaponNode.swift */ = {isa = PBXFileReference; lastKnownFileType = sourcecode.swift; path = WeaponNode.swift; sourceTree = "<group>"; };
		11CCBA8327A1CA4E009E5393 /* WorldNode.swift */ = {isa = PBXFileReference; lastKnownFileType = sourcecode.swift; path = WorldNode.swift; sourceTree = "<group>"; };
		11FCBA6E27A45BD700A25665 /* BaseChunk.swift */ = {isa = PBXFileReference; lastKnownFileType = sourcecode.swift; path = BaseChunk.swift; sourceTree = "<group>"; };
		11FCBA9727A5D06B00A25665 /* World.swift */ = {isa = PBXFileReference; lastKnownFileType = sourcecode.swift; path = World.swift; sourceTree = "<group>"; };
		11FCBA9927A5D08200A25665 /* Chunk.swift */ = {isa = PBXFileReference; lastKnownFileType = sourcecode.swift; path = Chunk.swift; sourceTree = "<group>"; };
		11FCBA9B27A5D0AE00A25665 /* Material.swift */ = {isa = PBXFileReference; lastKnownFileType = sourcecode.swift; path = Material.swift; sourceTree = "<group>"; };
		11FCBA9D27A5D81000A25665 /* Player.swift */ = {isa = PBXFileReference; lastKnownFileType = sourcecode.swift; path = Player.swift; sourceTree = "<group>"; };
/* End PBXFileReference section */

/* Begin PBXFrameworksBuildPhase section */
		1126C19F2773AFAF00C26BEC /* Frameworks */ = {
			isa = PBXFrameworksBuildPhase;
			buildActionMask = 2147483647;
			files = (
				112EFB562791BDCA00494CA0 /* SwiftClipper.framework in Frameworks */,
				112EFB452791BDB400494CA0 /* Voronoi.framework in Frameworks */,
				112EFBB62794274400494CA0 /* PoissonDisk.framework in Frameworks */,
			);
			runOnlyForDeploymentPostprocessing = 0;
		};
		112EFB3C2791BDB400494CA0 /* Frameworks */ = {
			isa = PBXFrameworksBuildPhase;
			buildActionMask = 2147483647;
			files = (
			);
			runOnlyForDeploymentPostprocessing = 0;
		};
		112EFB4D2791BDCA00494CA0 /* Frameworks */ = {
			isa = PBXFrameworksBuildPhase;
			buildActionMask = 2147483647;
			files = (
			);
			runOnlyForDeploymentPostprocessing = 0;
		};
		112EFBAD2794274400494CA0 /* Frameworks */ = {
			isa = PBXFrameworksBuildPhase;
			buildActionMask = 2147483647;
			files = (
			);
			runOnlyForDeploymentPostprocessing = 0;
		};
/* End PBXFrameworksBuildPhase section */

/* Begin PBXGroup section */
		1126C1A32773AFAF00C26BEC /* ZobbleBobble */ = {
			isa = PBXGroup;
			children = (
				1126C1BA2773AFC800C26BEC /* Resource */,
				1126C1B92773AFC100C26BEC /* Source */,
			);
			path = ZobbleBobble;
			sourceTree = "<group>";
		};
		1126C1B92773AFC100C26BEC /* Source */ = {
			isa = PBXGroup;
			children = (
				1126C1D12777711B00C26BEC /* Const.swift */,
				1126C242277A2E0B00C26BEC /* Category.swift */,
				1126C1BB2773AFCF00C26BEC /* Main */,
				115DFA8B279868AA00B09FF2 /* Components */,
				1126C1BD2773B17C00C26BEC /* Modules */,
				1126C1D32777717400C26BEC /* Helpers */,
				1126C1BC2773AFD500C26BEC /* Model */,
			);
			path = Source;
			sourceTree = "<group>";
		};
		1126C1BA2773AFC800C26BEC /* Resource */ = {
			isa = PBXGroup;
			children = (
				1126C1B12773AFB100C26BEC /* Assets.xcassets */,
				1126C1B32773AFB100C26BEC /* LaunchScreen.storyboard */,
			);
			path = Resource;
			sourceTree = "<group>";
		};
		1126C1BB2773AFCF00C26BEC /* Main */ = {
			isa = PBXGroup;
			children = (
				1126C1A42773AFAF00C26BEC /* AppDelegate.swift */,
			);
			path = Main;
			sourceTree = "<group>";
		};
		1126C1BC2773AFD500C26BEC /* Model */ = {
			isa = PBXGroup;
			children = (
				11CB36FB27970FB2008A2EAF /* Planet */,
			);
			path = Model;
			sourceTree = "<group>";
		};
		1126C1BD2773B17C00C26BEC /* Modules */ = {
			isa = PBXGroup;
			children = (
				1126C22E277A204900C26BEC /* Game */,
				1126C22D277A203F00C26BEC /* Debug */,
			);
			path = Modules;
			sourceTree = "<group>";
		};
		1126C1D32777717400C26BEC /* Helpers */ = {
			isa = PBXGroup;
			children = (
				1126C1F727787ACC00C26BEC /* Extensions */,
				1126C1D627778E1800C26BEC /* Polygon.swift */,
				112EFBA92791C5B300494CA0 /* Polygon+Init.swift */,
				112EFBA72791C42500494CA0 /* Polygon+Utils.swift */,
				1126C1D82777A4CD00C26BEC /* TerrainGenerator.swift */,
			);
			path = Helpers;
			sourceTree = "<group>";
		};
		1126C1F727787ACC00C26BEC /* Extensions */ = {
			isa = PBXGroup;
			children = (
				1126C1F827787ADB00C26BEC /* CGRect+Utils.swift */,
				1126C23A277A2B3900C26BEC /* CGFloat+Utils.swift */,
				1126C23C277A2B4600C26BEC /* CGPoint+Utils.swift */,
			);
			path = Extensions;
			sourceTree = "<group>";
		};
		1126C22D277A203F00C26BEC /* Debug */ = {
			isa = PBXGroup;
			children = (
				1126C1BE2773B19400C26BEC /* DebugViewController.swift */,
				1126C1D42777787600C26BEC /* DebugDrawView.swift */,
			);
			path = Debug;
			sourceTree = "<group>";
		};
		1126C22E277A204900C26BEC /* Game */ = {
			isa = PBXGroup;
			children = (
				11FCBA9627A5D05D00A25665 /* G */,
				1126C22F277A205600C26BEC /* GameViewController.swift */,
				1126C231277A206C00C26BEC /* GameScene.swift */,
				11CCBA8327A1CA4E009E5393 /* WorldNode.swift */,
				11FCBA6E27A45BD700A25665 /* BaseChunk.swift */,
				11CB370A27971F5A008A2EAF /* Planet */,
				11CB370927971F50008A2EAF /* Player */,
			);
			path = Game;
			sourceTree = "<group>";
		};
		112EFB402791BDB400494CA0 /* Voronoi */ = {
			isa = PBXGroup;
			children = (
				112EFB412791BDB400494CA0 /* Voronoi.h */,
				112EFB752791BE1D00494CA0 /* Internal */,
				112EFB8A2791BE1D00494CA0 /* Public */,
			);
			path = Voronoi;
			sourceTree = "<group>";
		};
		112EFB512791BDCA00494CA0 /* SwiftClipper */ = {
			isa = PBXGroup;
			children = (
				112EFB662791BE0100494CA0 /* Clipper.swift */,
				112EFB672791BE0100494CA0 /* ClipperBase.swift */,
				112EFB5E2791BE0000494CA0 /* Defines.swift */,
				112EFB622791BE0000494CA0 /* Offsetter.swift */,
				112EFB632791BE0100494CA0 /* OutRec.swift */,
				112EFB642791BE0100494CA0 /* Path+Clipper.swift */,
				112EFB652791BE0100494CA0 /* Path+Geometry.swift */,
				112EFB612791BE0000494CA0 /* Path+Offsetter.swift */,
				112EFB602791BE0000494CA0 /* Point.swift */,
				112EFB5F2791BE0000494CA0 /* PolyNode.swift */,
				112EFB5C2791BE0000494CA0 /* Rect.swift */,
				112EFB5D2791BE0000494CA0 /* SwiftClipper.swift */,
				112EFB5B2791BE0000494CA0 /* TEdge.swift */,
				112EFB522791BDCA00494CA0 /* SwiftClipper.h */,
			);
			path = SwiftClipper;
			sourceTree = "<group>";
		};
		112EFB752791BE1D00494CA0 /* Internal */ = {
			isa = PBXGroup;
			children = (
				112EFB762791BE1D00494CA0 /* Structures */,
				112EFB822791BE1D00494CA0 /* Static */,
			);
			path = Internal;
			sourceTree = "<group>";
		};
		112EFB762791BE1D00494CA0 /* Structures */ = {
			isa = PBXGroup;
			children = (
				112EFB772791BE1D00494CA0 /* FortuneSite.swift */,
				112EFB782791BE1D00494CA0 /* VEdge.swift */,
				112EFB792791BE1D00494CA0 /* HashSet.swift */,
				112EFB7A2791BE1D00494CA0 /* VPoint.swift */,
				112EFB7B2791BE1D00494CA0 /* BorderInfoAggregator.swift */,
				112EFB7C2791BE1D00494CA0 /* MinHeap.swift */,
				112EFB7D2791BE1D00494CA0 /* FortuneCircleEvent.swift */,
				112EFB7E2791BE1D00494CA0 /* FortuneEvent.swift */,
				112EFB7F2791BE1D00494CA0 /* FortuneSiteEvent.swift */,
				112EFB802791BE1D00494CA0 /* RBTree.swift */,
				112EFB812791BE1D00494CA0 /* BeachLine.swift */,
			);
			path = Structures;
			sourceTree = "<group>";
		};
		112EFB822791BE1D00494CA0 /* Static */ = {
			isa = PBXGroup;
			children = (
				112EFB832791BE1D00494CA0 /* PolygonCalculation.swift */,
				112EFB842791BE1D00494CA0 /* ParabolaMath.swift */,
				112EFB852791BE1D00494CA0 /* Approx.swift */,
				112EFB862791BE1D00494CA0 /* ClipRectInternal.swift */,
				112EFB872791BE1D00494CA0 /* ClipBorderEdgeCalculation.swift */,
				112EFB882791BE1D00494CA0 /* FortunesAlgorithm.swift */,
				112EFB892791BE1D00494CA0 /* LineSegmentIntersection.swift */,
			);
			path = Static;
			sourceTree = "<group>";
		};
		112EFB8A2791BE1D00494CA0 /* Public */ = {
			isa = PBXGroup;
			children = (
				112EFB8B2791BE1D00494CA0 /* Edge.swift */,
				112EFB8C2791BE1D00494CA0 /* Voronoi.swift */,
				112EFB8D2791BE1D00494CA0 /* SitePoint.swift */,
				112EFB8E2791BE1D00494CA0 /* Site.swift */,
				112EFB8F2791BE1D00494CA0 /* ClipRect.swift */,
			);
			path = Public;
			sourceTree = "<group>";
		};
		112EFBB12794274400494CA0 /* PoissonDisk */ = {
			isa = PBXGroup;
			children = (
				112EFBB22794274400494CA0 /* PoissonDisk.h */,
				112EFBBD27944D7400494CA0 /* Grid.swift */,
				112EFBC027944D7400494CA0 /* GridPoint.swift */,
				112EFBBE27944D7400494CA0 /* Point.swift */,
				112EFBBF27944D7400494CA0 /* PoissonDiskSampling.swift */,
			);
			path = PoissonDisk;
			sourceTree = "<group>";
		};
		115DFA8B279868AA00B09FF2 /* Components */ = {
			isa = PBXGroup;
			children = (
				115DFA8C279868BC00B09FF2 /* WeaponPickerView.swift */,
				115DFA8E27986A1100B09FF2 /* WeaponButton.swift */,
			);
			path = Components;
			sourceTree = "<group>";
		};
		115DFA9227987EB300B09FF2 /* Weapons */ = {
			isa = PBXGroup;
			children = (
				11A4F7DA279C82DD005E7FEC /* GunNode.swift */,
				115DFA9027987E4100B09FF2 /* BazookaNode.swift */,
			);
			path = Weapons;
			sourceTree = "<group>";
		};
		115DFA9327987ED100B09FF2 /* Missles */ = {
			isa = PBXGroup;
			children = (
				11A4F7DC279C8361005E7FEC /* BulletNode.swift */,
				115DFA9427987EE100B09FF2 /* RocketNode.swift */,
			);
			path = Missles;
			sourceTree = "<group>";
		};
		1196A58027B4227000150DE0 /* Collision */ = {
			isa = PBXGroup;
			children = (
				1126C23E277A2CDA00C26BEC /* ContactProcessor.swift */,
			);
			path = Collision;
			sourceTree = "<group>";
		};
		11CB36FB27970FB2008A2EAF /* Planet */ = {
			isa = PBXGroup;
			children = (
				1126C1CB27776F7900C26BEC /* Terrain.swift */,
				1126C1CD27776F9500C26BEC /* Chunk.swift */,
				112EFBBB27942F8400494CA0 /* Material.swift */,
			);
			path = Planet;
			sourceTree = "<group>";
		};
		11CB370927971F50008A2EAF /* Player */ = {
			isa = PBXGroup;
			children = (
				1126C237277A268400C26BEC /* PlayerNode.swift */,
				11CB370B27971F86008A2EAF /* WeaponNode.swift */,
				1126C240277A2D0100C26BEC /* MissleNode.swift */,
				115DFA9227987EB300B09FF2 /* Weapons */,
				115DFA9327987ED100B09FF2 /* Missles */,
			);
			path = Player;
			sourceTree = "<group>";
		};
		11CB370A27971F5A008A2EAF /* Planet */ = {
			isa = PBXGroup;
			children = (
				1126C233277A211300C26BEC /* TerrainNode.swift */,
				11A4F7E8279F33A4005E7FEC /* CoreNode.swift */,
				1126C235277A212C00C26BEC /* ChunkNode.swift */,
			);
			path = Planet;
			sourceTree = "<group>";
		};
		11D1139825D9A7B50063F332 = {
			isa = PBXGroup;
			children = (
				1126C1A32773AFAF00C26BEC /* ZobbleBobble */,
				112EFB402791BDB400494CA0 /* Voronoi */,
				112EFB512791BDCA00494CA0 /* SwiftClipper */,
				112EFBB12794274400494CA0 /* PoissonDisk */,
				11D113A725D9A7B60063F332 /* Products */,
			);
			sourceTree = "<group>";
		};
		11D113A725D9A7B60063F332 /* Products */ = {
			isa = PBXGroup;
			children = (
				1126C1A22773AFAF00C26BEC /* ZobbleBobble.app */,
				112EFB3F2791BDB400494CA0 /* Voronoi.framework */,
				112EFB502791BDCA00494CA0 /* SwiftClipper.framework */,
				112EFBB02794274400494CA0 /* PoissonDisk.framework */,
			);
			name = Products;
			sourceTree = "<group>";
		};
		11FCBA9627A5D05D00A25665 /* G */ = {
			isa = PBXGroup;
			children = (
				1196A58027B4227000150DE0 /* Collision */,
				11FCBA9727A5D06B00A25665 /* World.swift */,
				11FCBA9927A5D08200A25665 /* Chunk.swift */,
				11FCBA9B27A5D0AE00A25665 /* Material.swift */,
				11FCBA9D27A5D81000A25665 /* Player.swift */,
				1196A58727B4252300150DE0 /* Weapon.swift */,
				1196A57C27B2E26300150DE0 /* Missle.swift */,
			);
			path = G;
			sourceTree = "<group>";
		};
/* End PBXGroup section */

/* Begin PBXHeadersBuildPhase section */
		112EFB3A2791BDB400494CA0 /* Headers */ = {
			isa = PBXHeadersBuildPhase;
			buildActionMask = 2147483647;
			files = (
				112EFB422791BDB400494CA0 /* Voronoi.h in Headers */,
			);
			runOnlyForDeploymentPostprocessing = 0;
		};
		112EFB4B2791BDCA00494CA0 /* Headers */ = {
			isa = PBXHeadersBuildPhase;
			buildActionMask = 2147483647;
			files = (
				112EFB532791BDCA00494CA0 /* SwiftClipper.h in Headers */,
			);
			runOnlyForDeploymentPostprocessing = 0;
		};
		112EFBAB2794274400494CA0 /* Headers */ = {
			isa = PBXHeadersBuildPhase;
			buildActionMask = 2147483647;
			files = (
				112EFBB32794274400494CA0 /* PoissonDisk.h in Headers */,
			);
			runOnlyForDeploymentPostprocessing = 0;
		};
/* End PBXHeadersBuildPhase section */

/* Begin PBXNativeTarget section */
		1126C1A12773AFAF00C26BEC /* ZobbleBobble */ = {
			isa = PBXNativeTarget;
			buildConfigurationList = 1126C1B82773AFB100C26BEC /* Build configuration list for PBXNativeTarget "ZobbleBobble" */;
			buildPhases = (
				1126C19E2773AFAF00C26BEC /* Sources */,
				1126C19F2773AFAF00C26BEC /* Frameworks */,
				1126C1A02773AFAF00C26BEC /* Resources */,
				112EFB472791BDB400494CA0 /* Embed Frameworks */,
			);
			buildRules = (
			);
			dependencies = (
				112EFB442791BDB400494CA0 /* PBXTargetDependency */,
				112EFB552791BDCA00494CA0 /* PBXTargetDependency */,
				112EFBB52794274400494CA0 /* PBXTargetDependency */,
			);
			name = ZobbleBobble;
			productName = ZobbleBobble;
			productReference = 1126C1A22773AFAF00C26BEC /* ZobbleBobble.app */;
			productType = "com.apple.product-type.application";
		};
		112EFB3E2791BDB400494CA0 /* Voronoi */ = {
			isa = PBXNativeTarget;
			buildConfigurationList = 112EFB4A2791BDB400494CA0 /* Build configuration list for PBXNativeTarget "Voronoi" */;
			buildPhases = (
				112EFB3A2791BDB400494CA0 /* Headers */,
				112EFB3B2791BDB400494CA0 /* Sources */,
				112EFB3C2791BDB400494CA0 /* Frameworks */,
				112EFB3D2791BDB400494CA0 /* Resources */,
			);
			buildRules = (
			);
			dependencies = (
			);
			name = Voronoi;
			productName = Voronoi;
			productReference = 112EFB3F2791BDB400494CA0 /* Voronoi.framework */;
			productType = "com.apple.product-type.framework";
		};
		112EFB4F2791BDCA00494CA0 /* SwiftClipper */ = {
			isa = PBXNativeTarget;
			buildConfigurationList = 112EFB582791BDCA00494CA0 /* Build configuration list for PBXNativeTarget "SwiftClipper" */;
			buildPhases = (
				112EFB4B2791BDCA00494CA0 /* Headers */,
				112EFB4C2791BDCA00494CA0 /* Sources */,
				112EFB4D2791BDCA00494CA0 /* Frameworks */,
				112EFB4E2791BDCA00494CA0 /* Resources */,
			);
			buildRules = (
			);
			dependencies = (
			);
			name = SwiftClipper;
			productName = SwiftClipper;
			productReference = 112EFB502791BDCA00494CA0 /* SwiftClipper.framework */;
			productType = "com.apple.product-type.framework";
		};
		112EFBAF2794274400494CA0 /* PoissonDisk */ = {
			isa = PBXNativeTarget;
			buildConfigurationList = 112EFBB82794274400494CA0 /* Build configuration list for PBXNativeTarget "PoissonDisk" */;
			buildPhases = (
				112EFBAB2794274400494CA0 /* Headers */,
				112EFBAC2794274400494CA0 /* Sources */,
				112EFBAD2794274400494CA0 /* Frameworks */,
				112EFBAE2794274400494CA0 /* Resources */,
			);
			buildRules = (
			);
			dependencies = (
			);
			name = PoissonDisk;
			productName = PoissonDisk;
			productReference = 112EFBB02794274400494CA0 /* PoissonDisk.framework */;
			productType = "com.apple.product-type.framework";
		};
/* End PBXNativeTarget section */

/* Begin PBXProject section */
		11D1139925D9A7B50063F332 /* Project object */ = {
			isa = PBXProject;
			attributes = {
				LastSwiftUpdateCheck = 1310;
				LastUpgradeCheck = 1240;
				TargetAttributes = {
					1126C1A12773AFAF00C26BEC = {
						CreatedOnToolsVersion = 13.1;
					};
					112EFB3E2791BDB400494CA0 = {
						CreatedOnToolsVersion = 13.1;
					};
					112EFB4F2791BDCA00494CA0 = {
						CreatedOnToolsVersion = 13.1;
						LastSwiftMigration = 1310;
					};
					112EFBAF2794274400494CA0 = {
						CreatedOnToolsVersion = 13.1;
						LastSwiftMigration = 1310;
					};
				};
			};
			buildConfigurationList = 11D1139C25D9A7B50063F332 /* Build configuration list for PBXProject "ZobbleBobble" */;
			compatibilityVersion = "Xcode 9.3";
			developmentRegion = en;
			hasScannedForEncodings = 0;
			knownRegions = (
				en,
				Base,
			);
			mainGroup = 11D1139825D9A7B50063F332;
			productRefGroup = 11D113A725D9A7B60063F332 /* Products */;
			projectDirPath = "";
			projectRoot = "";
			targets = (
				1126C1A12773AFAF00C26BEC /* ZobbleBobble */,
				112EFB3E2791BDB400494CA0 /* Voronoi */,
				112EFB4F2791BDCA00494CA0 /* SwiftClipper */,
				112EFBAF2794274400494CA0 /* PoissonDisk */,
			);
		};
/* End PBXProject section */

/* Begin PBXResourcesBuildPhase section */
		1126C1A02773AFAF00C26BEC /* Resources */ = {
			isa = PBXResourcesBuildPhase;
			buildActionMask = 2147483647;
			files = (
				1126C1B22773AFB100C26BEC /* Assets.xcassets in Resources */,
				1126C1B52773AFB100C26BEC /* LaunchScreen.storyboard in Resources */,
			);
			runOnlyForDeploymentPostprocessing = 0;
		};
		112EFB3D2791BDB400494CA0 /* Resources */ = {
			isa = PBXResourcesBuildPhase;
			buildActionMask = 2147483647;
			files = (
			);
			runOnlyForDeploymentPostprocessing = 0;
		};
		112EFB4E2791BDCA00494CA0 /* Resources */ = {
			isa = PBXResourcesBuildPhase;
			buildActionMask = 2147483647;
			files = (
			);
			runOnlyForDeploymentPostprocessing = 0;
		};
		112EFBAE2794274400494CA0 /* Resources */ = {
			isa = PBXResourcesBuildPhase;
			buildActionMask = 2147483647;
			files = (
			);
			runOnlyForDeploymentPostprocessing = 0;
		};
/* End PBXResourcesBuildPhase section */

/* Begin PBXSourcesBuildPhase section */
		1126C19E2773AFAF00C26BEC /* Sources */ = {
			isa = PBXSourcesBuildPhase;
			buildActionMask = 2147483647;
			files = (
				1196A57D27B2E26300150DE0 /* Missle.swift in Sources */,
				1126C1F927787ADB00C26BEC /* CGRect+Utils.swift in Sources */,
				112EFBA82791C42500494CA0 /* Polygon+Utils.swift in Sources */,
				115DFA8D279868BC00B09FF2 /* WeaponPickerView.swift in Sources */,
				112EFBAA2791C5B300494CA0 /* Polygon+Init.swift in Sources */,
				11FCBA9C27A5D0AE00A25665 /* Material.swift in Sources */,
				11FCBA6F27A45BD700A25665 /* BaseChunk.swift in Sources */,
				1126C23F277A2CDB00C26BEC /* ContactProcessor.swift in Sources */,
				11FCBA9827A5D06B00A25665 /* World.swift in Sources */,
				1126C230277A205600C26BEC /* GameViewController.swift in Sources */,
				1126C1A52773AFAF00C26BEC /* AppDelegate.swift in Sources */,
				115DFA8F27986A1100B09FF2 /* WeaponButton.swift in Sources */,
				1126C1D727778E1800C26BEC /* Polygon.swift in Sources */,
				1126C1D22777711B00C26BEC /* Const.swift in Sources */,
				1126C232277A206C00C26BEC /* GameScene.swift in Sources */,
				1196A58827B4252300150DE0 /* Weapon.swift in Sources */,
				11FCBA9A27A5D08200A25665 /* Chunk.swift in Sources */,
				1126C23B277A2B3900C26BEC /* CGFloat+Utils.swift in Sources */,
				11FCBA9E27A5D81000A25665 /* Player.swift in Sources */,
				1126C23D277A2B4600C26BEC /* CGPoint+Utils.swift in Sources */,
				1126C243277A2E0B00C26BEC /* Category.swift in Sources */,
			);
			runOnlyForDeploymentPostprocessing = 0;
		};
		112EFB3B2791BDB400494CA0 /* Sources */ = {
			isa = PBXSourcesBuildPhase;
			buildActionMask = 2147483647;
			files = (
				112EFBA32791BE1D00494CA0 /* Voronoi.swift in Sources */,
				112EFBA02791BE1D00494CA0 /* FortunesAlgorithm.swift in Sources */,
				112EFB9A2791BE1D00494CA0 /* BeachLine.swift in Sources */,
				112EFB902791BE1D00494CA0 /* FortuneSite.swift in Sources */,
				112EFB922791BE1D00494CA0 /* HashSet.swift in Sources */,
				112EFB982791BE1D00494CA0 /* FortuneSiteEvent.swift in Sources */,
				112EFB9F2791BE1D00494CA0 /* ClipBorderEdgeCalculation.swift in Sources */,
				112EFB972791BE1D00494CA0 /* FortuneEvent.swift in Sources */,
				112EFB952791BE1D00494CA0 /* MinHeap.swift in Sources */,
				112EFBA62791BE1D00494CA0 /* ClipRect.swift in Sources */,
				112EFB9B2791BE1D00494CA0 /* PolygonCalculation.swift in Sources */,
				112EFB992791BE1D00494CA0 /* RBTree.swift in Sources */,
				112EFBA42791BE1D00494CA0 /* SitePoint.swift in Sources */,
				112EFBA22791BE1D00494CA0 /* Edge.swift in Sources */,
				112EFB912791BE1D00494CA0 /* VEdge.swift in Sources */,
				112EFB9C2791BE1D00494CA0 /* ParabolaMath.swift in Sources */,
				112EFB962791BE1D00494CA0 /* FortuneCircleEvent.swift in Sources */,
				112EFB932791BE1D00494CA0 /* VPoint.swift in Sources */,
				112EFBA12791BE1D00494CA0 /* LineSegmentIntersection.swift in Sources */,
				112EFB942791BE1D00494CA0 /* BorderInfoAggregator.swift in Sources */,
				112EFB9D2791BE1D00494CA0 /* Approx.swift in Sources */,
				112EFBA52791BE1D00494CA0 /* Site.swift in Sources */,
				112EFB9E2791BE1D00494CA0 /* ClipRectInternal.swift in Sources */,
			);
			runOnlyForDeploymentPostprocessing = 0;
		};
		112EFB4C2791BDCA00494CA0 /* Sources */ = {
			isa = PBXSourcesBuildPhase;
			buildActionMask = 2147483647;
			files = (
				112EFB6E2791BE0100494CA0 /* Path+Offsetter.swift in Sources */,
				112EFB682791BE0100494CA0 /* TEdge.swift in Sources */,
				112EFB6A2791BE0100494CA0 /* SwiftClipper.swift in Sources */,
				112EFB6D2791BE0100494CA0 /* Point.swift in Sources */,
				112EFB742791BE0100494CA0 /* ClipperBase.swift in Sources */,
				112EFB722791BE0100494CA0 /* Path+Geometry.swift in Sources */,
				112EFB712791BE0100494CA0 /* Path+Clipper.swift in Sources */,
				112EFB6F2791BE0100494CA0 /* Offsetter.swift in Sources */,
				112EFB6B2791BE0100494CA0 /* Defines.swift in Sources */,
				112EFB692791BE0100494CA0 /* Rect.swift in Sources */,
				112EFB6C2791BE0100494CA0 /* PolyNode.swift in Sources */,
				112EFB702791BE0100494CA0 /* OutRec.swift in Sources */,
				112EFB732791BE0100494CA0 /* Clipper.swift in Sources */,
			);
			runOnlyForDeploymentPostprocessing = 0;
		};
		112EFBAC2794274400494CA0 /* Sources */ = {
			isa = PBXSourcesBuildPhase;
			buildActionMask = 2147483647;
			files = (
				112EFBC327944D7400494CA0 /* PoissonDiskSampling.swift in Sources */,
				112EFBC227944D7400494CA0 /* Point.swift in Sources */,
				112EFBC427944D7400494CA0 /* GridPoint.swift in Sources */,
				112EFBC127944D7400494CA0 /* Grid.swift in Sources */,
			);
			runOnlyForDeploymentPostprocessing = 0;
		};
/* End PBXSourcesBuildPhase section */

/* Begin PBXTargetDependency section */
		112EFB442791BDB400494CA0 /* PBXTargetDependency */ = {
			isa = PBXTargetDependency;
			target = 112EFB3E2791BDB400494CA0 /* Voronoi */;
			targetProxy = 112EFB432791BDB400494CA0 /* PBXContainerItemProxy */;
		};
		112EFB552791BDCA00494CA0 /* PBXTargetDependency */ = {
			isa = PBXTargetDependency;
			target = 112EFB4F2791BDCA00494CA0 /* SwiftClipper */;
			targetProxy = 112EFB542791BDCA00494CA0 /* PBXContainerItemProxy */;
		};
		112EFBB52794274400494CA0 /* PBXTargetDependency */ = {
			isa = PBXTargetDependency;
			target = 112EFBAF2794274400494CA0 /* PoissonDisk */;
			targetProxy = 112EFBB42794274400494CA0 /* PBXContainerItemProxy */;
		};
/* End PBXTargetDependency section */

/* Begin PBXVariantGroup section */
		1126C1B32773AFB100C26BEC /* LaunchScreen.storyboard */ = {
			isa = PBXVariantGroup;
			children = (
				1126C1B42773AFB100C26BEC /* Base */,
			);
			name = LaunchScreen.storyboard;
			sourceTree = "<group>";
		};
/* End PBXVariantGroup section */

/* Begin XCBuildConfiguration section */
		1126C1B62773AFB100C26BEC /* Debug */ = {
			isa = XCBuildConfiguration;
			buildSettings = {
				ALWAYS_EMBED_SWIFT_STANDARD_LIBRARIES = YES;
				ASSETCATALOG_COMPILER_APPICON_NAME = AppIcon;
				ASSETCATALOG_COMPILER_GLOBAL_ACCENT_COLOR_NAME = AccentColor;
				CLANG_CXX_LANGUAGE_STANDARD = "gnu++17";
				CODE_SIGN_IDENTITY = "Apple Development";
				CODE_SIGN_STYLE = Automatic;
				CURRENT_PROJECT_VERSION = 1;
				DEVELOPMENT_TEAM = 4DZU58EZPK;
				GENERATE_INFOPLIST_FILE = YES;
				INFOPLIST_KEY_UIApplicationSupportsIndirectInputEvents = YES;
				INFOPLIST_KEY_UILaunchStoryboardName = LaunchScreen;
				INFOPLIST_KEY_UIStatusBarHidden = YES;
				INFOPLIST_KEY_UISupportedInterfaceOrientations = UIInterfaceOrientationPortrait;
				INFOPLIST_KEY_UISupportedInterfaceOrientations_iPad = "UIInterfaceOrientationPortrait UIInterfaceOrientationPortraitUpsideDown UIInterfaceOrientationLandscapeLeft UIInterfaceOrientationLandscapeRight";
				INFOPLIST_KEY_UISupportedInterfaceOrientations_iPhone = "UIInterfaceOrientationPortrait UIInterfaceOrientationLandscapeLeft UIInterfaceOrientationLandscapeRight";
				IPHONEOS_DEPLOYMENT_TARGET = 11.0;
				LD_RUNPATH_SEARCH_PATHS = (
					"$(inherited)",
					"@executable_path/Frameworks",
				);
				MARKETING_VERSION = 1.0;
				PRODUCT_BUNDLE_IDENTIFIER = "-.ZobbleBobble";
				PRODUCT_NAME = "$(TARGET_NAME)";
				PROVISIONING_PROFILE_SPECIFIER = "";
				SDKROOT = iphoneos;
				SWIFT_EMIT_LOC_STRINGS = YES;
				SWIFT_VERSION = 5.0;
				TARGETED_DEVICE_FAMILY = 1;
			};
			name = Debug;
		};
		1126C1B72773AFB100C26BEC /* Release */ = {
			isa = XCBuildConfiguration;
			buildSettings = {
				ALWAYS_EMBED_SWIFT_STANDARD_LIBRARIES = YES;
				ASSETCATALOG_COMPILER_APPICON_NAME = AppIcon;
				ASSETCATALOG_COMPILER_GLOBAL_ACCENT_COLOR_NAME = AccentColor;
				CLANG_CXX_LANGUAGE_STANDARD = "gnu++17";
				CODE_SIGN_IDENTITY = "Apple Development";
				CODE_SIGN_STYLE = Automatic;
				CURRENT_PROJECT_VERSION = 1;
				DEVELOPMENT_TEAM = 4DZU58EZPK;
				GENERATE_INFOPLIST_FILE = YES;
				INFOPLIST_KEY_UIApplicationSupportsIndirectInputEvents = YES;
				INFOPLIST_KEY_UILaunchStoryboardName = LaunchScreen;
				INFOPLIST_KEY_UIStatusBarHidden = YES;
				INFOPLIST_KEY_UISupportedInterfaceOrientations = UIInterfaceOrientationPortrait;
				INFOPLIST_KEY_UISupportedInterfaceOrientations_iPad = "UIInterfaceOrientationPortrait UIInterfaceOrientationPortraitUpsideDown UIInterfaceOrientationLandscapeLeft UIInterfaceOrientationLandscapeRight";
				INFOPLIST_KEY_UISupportedInterfaceOrientations_iPhone = "UIInterfaceOrientationPortrait UIInterfaceOrientationLandscapeLeft UIInterfaceOrientationLandscapeRight";
				IPHONEOS_DEPLOYMENT_TARGET = 11.0;
				LD_RUNPATH_SEARCH_PATHS = (
					"$(inherited)",
					"@executable_path/Frameworks",
				);
				MARKETING_VERSION = 1.0;
				PRODUCT_BUNDLE_IDENTIFIER = "-.ZobbleBobble";
				PRODUCT_NAME = "$(TARGET_NAME)";
				PROVISIONING_PROFILE_SPECIFIER = "";
				SDKROOT = iphoneos;
				SWIFT_EMIT_LOC_STRINGS = YES;
				SWIFT_VERSION = 5.0;
				TARGETED_DEVICE_FAMILY = 1;
				VALIDATE_PRODUCT = YES;
			};
			name = Release;
		};
		112EFB482791BDB400494CA0 /* Debug */ = {
			isa = XCBuildConfiguration;
			buildSettings = {
				CLANG_CXX_LANGUAGE_STANDARD = "gnu++17";
				CODE_SIGN_STYLE = Automatic;
				CURRENT_PROJECT_VERSION = 1;
				DEFINES_MODULE = YES;
				DEVELOPMENT_TEAM = 4DZU58EZPK;
				DYLIB_COMPATIBILITY_VERSION = 1;
				DYLIB_CURRENT_VERSION = 1;
				DYLIB_INSTALL_NAME_BASE = "@rpath";
				GENERATE_INFOPLIST_FILE = YES;
				INFOPLIST_KEY_NSHumanReadableCopyright = "";
				INSTALL_PATH = "$(LOCAL_LIBRARY_DIR)/Frameworks";
				IPHONEOS_DEPLOYMENT_TARGET = 11.0;
				LD_RUNPATH_SEARCH_PATHS = (
					"$(inherited)",
					"@executable_path/Frameworks",
					"@loader_path/Frameworks",
				);
				MARKETING_VERSION = 1.0;
				PRODUCT_BUNDLE_IDENTIFIER = "-.Voronoi";
				PRODUCT_NAME = "$(TARGET_NAME:c99extidentifier)";
				SDKROOT = iphoneos;
				SKIP_INSTALL = YES;
				SWIFT_EMIT_LOC_STRINGS = YES;
				SWIFT_VERSION = 5.0;
				TARGETED_DEVICE_FAMILY = "1,2";
				VERSIONING_SYSTEM = "apple-generic";
				VERSION_INFO_PREFIX = "";
			};
			name = Debug;
		};
		112EFB492791BDB400494CA0 /* Release */ = {
			isa = XCBuildConfiguration;
			buildSettings = {
				CLANG_CXX_LANGUAGE_STANDARD = "gnu++17";
				CODE_SIGN_STYLE = Automatic;
				CURRENT_PROJECT_VERSION = 1;
				DEFINES_MODULE = YES;
				DEVELOPMENT_TEAM = 4DZU58EZPK;
				DYLIB_COMPATIBILITY_VERSION = 1;
				DYLIB_CURRENT_VERSION = 1;
				DYLIB_INSTALL_NAME_BASE = "@rpath";
				GENERATE_INFOPLIST_FILE = YES;
				INFOPLIST_KEY_NSHumanReadableCopyright = "";
				INSTALL_PATH = "$(LOCAL_LIBRARY_DIR)/Frameworks";
				IPHONEOS_DEPLOYMENT_TARGET = 11.0;
				LD_RUNPATH_SEARCH_PATHS = (
					"$(inherited)",
					"@executable_path/Frameworks",
					"@loader_path/Frameworks",
				);
				MARKETING_VERSION = 1.0;
				PRODUCT_BUNDLE_IDENTIFIER = "-.Voronoi";
				PRODUCT_NAME = "$(TARGET_NAME:c99extidentifier)";
				SDKROOT = iphoneos;
				SKIP_INSTALL = YES;
				SWIFT_EMIT_LOC_STRINGS = YES;
				SWIFT_VERSION = 5.0;
				TARGETED_DEVICE_FAMILY = "1,2";
				VALIDATE_PRODUCT = YES;
				VERSIONING_SYSTEM = "apple-generic";
				VERSION_INFO_PREFIX = "";
			};
			name = Release;
		};
		112EFB592791BDCA00494CA0 /* Debug */ = {
			isa = XCBuildConfiguration;
			buildSettings = {
				CLANG_CXX_LANGUAGE_STANDARD = "gnu++17";
				CLANG_ENABLE_MODULES = YES;
				CODE_SIGN_STYLE = Automatic;
				CURRENT_PROJECT_VERSION = 1;
				DEFINES_MODULE = YES;
				DEVELOPMENT_TEAM = 4DZU58EZPK;
				DYLIB_COMPATIBILITY_VERSION = 1;
				DYLIB_CURRENT_VERSION = 1;
				DYLIB_INSTALL_NAME_BASE = "@rpath";
				GENERATE_INFOPLIST_FILE = YES;
				INFOPLIST_KEY_NSHumanReadableCopyright = "";
				INSTALL_PATH = "$(LOCAL_LIBRARY_DIR)/Frameworks";
				IPHONEOS_DEPLOYMENT_TARGET = 11.0;
				LD_RUNPATH_SEARCH_PATHS = (
					"$(inherited)",
					"@executable_path/Frameworks",
					"@loader_path/Frameworks",
				);
				MARKETING_VERSION = 1.0;
				PRODUCT_BUNDLE_IDENTIFIER = "-.SwiftClipper";
				PRODUCT_NAME = "$(TARGET_NAME:c99extidentifier)";
				SDKROOT = iphoneos;
				SKIP_INSTALL = YES;
				SWIFT_EMIT_LOC_STRINGS = YES;
				SWIFT_OPTIMIZATION_LEVEL = "-Onone";
				SWIFT_VERSION = 5.0;
				TARGETED_DEVICE_FAMILY = "1,2";
				VERSIONING_SYSTEM = "apple-generic";
				VERSION_INFO_PREFIX = "";
			};
			name = Debug;
		};
		112EFB5A2791BDCA00494CA0 /* Release */ = {
			isa = XCBuildConfiguration;
			buildSettings = {
				CLANG_CXX_LANGUAGE_STANDARD = "gnu++17";
				CLANG_ENABLE_MODULES = YES;
				CODE_SIGN_STYLE = Automatic;
				CURRENT_PROJECT_VERSION = 1;
				DEFINES_MODULE = YES;
				DEVELOPMENT_TEAM = 4DZU58EZPK;
				DYLIB_COMPATIBILITY_VERSION = 1;
				DYLIB_CURRENT_VERSION = 1;
				DYLIB_INSTALL_NAME_BASE = "@rpath";
				GENERATE_INFOPLIST_FILE = YES;
				INFOPLIST_KEY_NSHumanReadableCopyright = "";
				INSTALL_PATH = "$(LOCAL_LIBRARY_DIR)/Frameworks";
				IPHONEOS_DEPLOYMENT_TARGET = 11.0;
				LD_RUNPATH_SEARCH_PATHS = (
					"$(inherited)",
					"@executable_path/Frameworks",
					"@loader_path/Frameworks",
				);
				MARKETING_VERSION = 1.0;
				PRODUCT_BUNDLE_IDENTIFIER = "-.SwiftClipper";
				PRODUCT_NAME = "$(TARGET_NAME:c99extidentifier)";
				SDKROOT = iphoneos;
				SKIP_INSTALL = YES;
				SWIFT_EMIT_LOC_STRINGS = YES;
				SWIFT_VERSION = 5.0;
				TARGETED_DEVICE_FAMILY = "1,2";
				VALIDATE_PRODUCT = YES;
				VERSIONING_SYSTEM = "apple-generic";
				VERSION_INFO_PREFIX = "";
			};
			name = Release;
		};
		112EFBB92794274400494CA0 /* Debug */ = {
			isa = XCBuildConfiguration;
			buildSettings = {
				CLANG_CXX_LANGUAGE_STANDARD = "gnu++17";
				CLANG_ENABLE_MODULES = YES;
				CODE_SIGN_STYLE = Automatic;
				CURRENT_PROJECT_VERSION = 1;
				DEFINES_MODULE = YES;
				DEVELOPMENT_TEAM = 4DZU58EZPK;
				DYLIB_COMPATIBILITY_VERSION = 1;
				DYLIB_CURRENT_VERSION = 1;
				DYLIB_INSTALL_NAME_BASE = "@rpath";
				GENERATE_INFOPLIST_FILE = YES;
				INFOPLIST_KEY_NSHumanReadableCopyright = "";
				INSTALL_PATH = "$(LOCAL_LIBRARY_DIR)/Frameworks";
				IPHONEOS_DEPLOYMENT_TARGET = 11.0;
				LD_RUNPATH_SEARCH_PATHS = (
					"$(inherited)",
					"@executable_path/Frameworks",
					"@loader_path/Frameworks",
				);
				MARKETING_VERSION = 1.0;
				PRODUCT_BUNDLE_IDENTIFIER = "-.PoissonDisk";
				PRODUCT_NAME = "$(TARGET_NAME:c99extidentifier)";
				SDKROOT = iphoneos;
				SKIP_INSTALL = YES;
				SWIFT_EMIT_LOC_STRINGS = YES;
				SWIFT_OPTIMIZATION_LEVEL = "-Onone";
				SWIFT_VERSION = 5.0;
				TARGETED_DEVICE_FAMILY = "1,2";
				VERSIONING_SYSTEM = "apple-generic";
				VERSION_INFO_PREFIX = "";
			};
			name = Debug;
		};
		112EFBBA2794274400494CA0 /* Release */ = {
			isa = XCBuildConfiguration;
			buildSettings = {
				CLANG_CXX_LANGUAGE_STANDARD = "gnu++17";
				CLANG_ENABLE_MODULES = YES;
				CODE_SIGN_STYLE = Automatic;
				CURRENT_PROJECT_VERSION = 1;
				DEFINES_MODULE = YES;
				DEVELOPMENT_TEAM = 4DZU58EZPK;
				DYLIB_COMPATIBILITY_VERSION = 1;
				DYLIB_CURRENT_VERSION = 1;
				DYLIB_INSTALL_NAME_BASE = "@rpath";
				GENERATE_INFOPLIST_FILE = YES;
				INFOPLIST_KEY_NSHumanReadableCopyright = "";
				INSTALL_PATH = "$(LOCAL_LIBRARY_DIR)/Frameworks";
				IPHONEOS_DEPLOYMENT_TARGET = 11.0;
				LD_RUNPATH_SEARCH_PATHS = (
					"$(inherited)",
					"@executable_path/Frameworks",
					"@loader_path/Frameworks",
				);
				MARKETING_VERSION = 1.0;
				PRODUCT_BUNDLE_IDENTIFIER = "-.PoissonDisk";
				PRODUCT_NAME = "$(TARGET_NAME:c99extidentifier)";
				SDKROOT = iphoneos;
				SKIP_INSTALL = YES;
				SWIFT_EMIT_LOC_STRINGS = YES;
				SWIFT_VERSION = 5.0;
				TARGETED_DEVICE_FAMILY = "1,2";
				VALIDATE_PRODUCT = YES;
				VERSIONING_SYSTEM = "apple-generic";
				VERSION_INFO_PREFIX = "";
			};
			name = Release;
		};
		11D113B825D9A7B60063F332 /* Debug */ = {
			isa = XCBuildConfiguration;
			buildSettings = {
				ALWAYS_SEARCH_USER_PATHS = NO;
				CLANG_ANALYZER_NONNULL = YES;
				CLANG_ANALYZER_NUMBER_OBJECT_CONVERSION = YES_AGGRESSIVE;
				CLANG_CXX_LANGUAGE_STANDARD = "gnu++14";
				CLANG_CXX_LIBRARY = "libc++";
				CLANG_ENABLE_MODULES = YES;
				CLANG_ENABLE_OBJC_ARC = YES;
				CLANG_ENABLE_OBJC_WEAK = YES;
				CLANG_WARN_BLOCK_CAPTURE_AUTORELEASING = YES;
				CLANG_WARN_BOOL_CONVERSION = YES;
				CLANG_WARN_COMMA = YES;
				CLANG_WARN_CONSTANT_CONVERSION = YES;
				CLANG_WARN_DEPRECATED_OBJC_IMPLEMENTATIONS = YES;
				CLANG_WARN_DIRECT_OBJC_ISA_USAGE = YES_ERROR;
				CLANG_WARN_DOCUMENTATION_COMMENTS = YES;
				CLANG_WARN_EMPTY_BODY = YES;
				CLANG_WARN_ENUM_CONVERSION = YES;
				CLANG_WARN_INFINITE_RECURSION = YES;
				CLANG_WARN_INT_CONVERSION = YES;
				CLANG_WARN_NON_LITERAL_NULL_CONVERSION = YES;
				CLANG_WARN_OBJC_IMPLICIT_RETAIN_SELF = YES;
				CLANG_WARN_OBJC_LITERAL_CONVERSION = YES;
				CLANG_WARN_OBJC_ROOT_CLASS = YES_ERROR;
				CLANG_WARN_QUOTED_INCLUDE_IN_FRAMEWORK_HEADER = YES;
				CLANG_WARN_RANGE_LOOP_ANALYSIS = YES;
				CLANG_WARN_STRICT_PROTOTYPES = YES;
				CLANG_WARN_SUSPICIOUS_MOVE = YES;
				CLANG_WARN_UNGUARDED_AVAILABILITY = YES_AGGRESSIVE;
				CLANG_WARN_UNREACHABLE_CODE = YES;
				CLANG_WARN__DUPLICATE_METHOD_MATCH = YES;
				COPY_PHASE_STRIP = NO;
				DEBUG_INFORMATION_FORMAT = dwarf;
				ENABLE_STRICT_OBJC_MSGSEND = YES;
				ENABLE_TESTABILITY = YES;
				GCC_C_LANGUAGE_STANDARD = gnu11;
				GCC_DYNAMIC_NO_PIC = NO;
				GCC_NO_COMMON_BLOCKS = YES;
				GCC_OPTIMIZATION_LEVEL = 0;
				GCC_PREPROCESSOR_DEFINITIONS = (
					"DEBUG=1",
					"$(inherited)",
				);
				GCC_WARN_64_TO_32_BIT_CONVERSION = YES;
				GCC_WARN_ABOUT_RETURN_TYPE = YES_ERROR;
				GCC_WARN_UNDECLARED_SELECTOR = YES;
				GCC_WARN_UNINITIALIZED_AUTOS = YES_AGGRESSIVE;
				GCC_WARN_UNUSED_FUNCTION = YES;
				GCC_WARN_UNUSED_VARIABLE = YES;
				MTL_ENABLE_DEBUG_INFO = INCLUDE_SOURCE;
				MTL_FAST_MATH = YES;
				ONLY_ACTIVE_ARCH = YES;
				SWIFT_ACTIVE_COMPILATION_CONDITIONS = DEBUG;
				SWIFT_OPTIMIZATION_LEVEL = "-Onone";
			};
			name = Debug;
		};
		11D113B925D9A7B60063F332 /* Release */ = {
			isa = XCBuildConfiguration;
			buildSettings = {
				ALWAYS_SEARCH_USER_PATHS = NO;
				CLANG_ANALYZER_NONNULL = YES;
				CLANG_ANALYZER_NUMBER_OBJECT_CONVERSION = YES_AGGRESSIVE;
				CLANG_CXX_LANGUAGE_STANDARD = "gnu++14";
				CLANG_CXX_LIBRARY = "libc++";
				CLANG_ENABLE_MODULES = YES;
				CLANG_ENABLE_OBJC_ARC = YES;
				CLANG_ENABLE_OBJC_WEAK = YES;
				CLANG_WARN_BLOCK_CAPTURE_AUTORELEASING = YES;
				CLANG_WARN_BOOL_CONVERSION = YES;
				CLANG_WARN_COMMA = YES;
				CLANG_WARN_CONSTANT_CONVERSION = YES;
				CLANG_WARN_DEPRECATED_OBJC_IMPLEMENTATIONS = YES;
				CLANG_WARN_DIRECT_OBJC_ISA_USAGE = YES_ERROR;
				CLANG_WARN_DOCUMENTATION_COMMENTS = YES;
				CLANG_WARN_EMPTY_BODY = YES;
				CLANG_WARN_ENUM_CONVERSION = YES;
				CLANG_WARN_INFINITE_RECURSION = YES;
				CLANG_WARN_INT_CONVERSION = YES;
				CLANG_WARN_NON_LITERAL_NULL_CONVERSION = YES;
				CLANG_WARN_OBJC_IMPLICIT_RETAIN_SELF = YES;
				CLANG_WARN_OBJC_LITERAL_CONVERSION = YES;
				CLANG_WARN_OBJC_ROOT_CLASS = YES_ERROR;
				CLANG_WARN_QUOTED_INCLUDE_IN_FRAMEWORK_HEADER = YES;
				CLANG_WARN_RANGE_LOOP_ANALYSIS = YES;
				CLANG_WARN_STRICT_PROTOTYPES = YES;
				CLANG_WARN_SUSPICIOUS_MOVE = YES;
				CLANG_WARN_UNGUARDED_AVAILABILITY = YES_AGGRESSIVE;
				CLANG_WARN_UNREACHABLE_CODE = YES;
				CLANG_WARN__DUPLICATE_METHOD_MATCH = YES;
				COPY_PHASE_STRIP = NO;
				DEBUG_INFORMATION_FORMAT = "dwarf-with-dsym";
				ENABLE_NS_ASSERTIONS = NO;
				ENABLE_STRICT_OBJC_MSGSEND = YES;
				GCC_C_LANGUAGE_STANDARD = gnu11;
				GCC_NO_COMMON_BLOCKS = YES;
				GCC_WARN_64_TO_32_BIT_CONVERSION = YES;
				GCC_WARN_ABOUT_RETURN_TYPE = YES_ERROR;
				GCC_WARN_UNDECLARED_SELECTOR = YES;
				GCC_WARN_UNINITIALIZED_AUTOS = YES_AGGRESSIVE;
				GCC_WARN_UNUSED_FUNCTION = YES;
				GCC_WARN_UNUSED_VARIABLE = YES;
				MTL_ENABLE_DEBUG_INFO = NO;
				MTL_FAST_MATH = YES;
				SWIFT_COMPILATION_MODE = wholemodule;
				SWIFT_OPTIMIZATION_LEVEL = "-O";
			};
			name = Release;
		};
/* End XCBuildConfiguration section */

/* Begin XCConfigurationList section */
		1126C1B82773AFB100C26BEC /* Build configuration list for PBXNativeTarget "ZobbleBobble" */ = {
			isa = XCConfigurationList;
			buildConfigurations = (
				1126C1B62773AFB100C26BEC /* Debug */,
				1126C1B72773AFB100C26BEC /* Release */,
			);
			defaultConfigurationIsVisible = 0;
			defaultConfigurationName = Release;
		};
		112EFB4A2791BDB400494CA0 /* Build configuration list for PBXNativeTarget "Voronoi" */ = {
			isa = XCConfigurationList;
			buildConfigurations = (
				112EFB482791BDB400494CA0 /* Debug */,
				112EFB492791BDB400494CA0 /* Release */,
			);
			defaultConfigurationIsVisible = 0;
			defaultConfigurationName = Release;
		};
		112EFB582791BDCA00494CA0 /* Build configuration list for PBXNativeTarget "SwiftClipper" */ = {
			isa = XCConfigurationList;
			buildConfigurations = (
				112EFB592791BDCA00494CA0 /* Debug */,
				112EFB5A2791BDCA00494CA0 /* Release */,
			);
			defaultConfigurationIsVisible = 0;
			defaultConfigurationName = Release;
		};
		112EFBB82794274400494CA0 /* Build configuration list for PBXNativeTarget "PoissonDisk" */ = {
			isa = XCConfigurationList;
			buildConfigurations = (
				112EFBB92794274400494CA0 /* Debug */,
				112EFBBA2794274400494CA0 /* Release */,
			);
			defaultConfigurationIsVisible = 0;
			defaultConfigurationName = Release;
		};
		11D1139C25D9A7B50063F332 /* Build configuration list for PBXProject "ZobbleBobble" */ = {
			isa = XCConfigurationList;
			buildConfigurations = (
				11D113B825D9A7B60063F332 /* Debug */,
				11D113B925D9A7B60063F332 /* Release */,
			);
			defaultConfigurationIsVisible = 0;
			defaultConfigurationName = Release;
		};
/* End XCConfigurationList section */
	};
	rootObject = 11D1139925D9A7B50063F332 /* Project object */;
}
