// !$*UTF8*$!
{
	archiveVersion = 1;
	classes = {
	};
	objectVersion = 50;
	objects = {

/* Begin PBXBuildFile section */
		11271CD6260206F70042D3A3 /* AppDelegate.swift in Sources */ = {isa = PBXBuildFile; fileRef = 11271CD5260206F70042D3A3 /* AppDelegate.swift */; };
		11271CD8260206F70042D3A3 /* ViewController.swift in Sources */ = {isa = PBXBuildFile; fileRef = 11271CD7260206F70042D3A3 /* ViewController.swift */; };
		11271CDA260206F90042D3A3 /* Assets.xcassets in Resources */ = {isa = PBXBuildFile; fileRef = 11271CD9260206F90042D3A3 /* Assets.xcassets */; };
		11271CDD260206F90042D3A3 /* Main.storyboard in Resources */ = {isa = PBXBuildFile; fileRef = 11271CDB260206F90042D3A3 /* Main.storyboard */; };
		11271CE9260207560042D3A3 /* Level.swift in Sources */ = {isa = PBXBuildFile; fileRef = 11271CE8260207560042D3A3 /* Level.swift */; };
		11271CEF26020BA50042D3A3 /* DebugDrawView.swift in Sources */ = {isa = PBXBuildFile; fileRef = 11271CEE26020BA50042D3A3 /* DebugDrawView.swift */; };
		114341EE2604CA14007F9891 /* MatrixGenerator.swift in Sources */ = {isa = PBXBuildFile; fileRef = 114341DF2604CA14007F9891 /* MatrixGenerator.swift */; };
		114341EF2604CA14007F9891 /* Format.swift in Sources */ = {isa = PBXBuildFile; fileRef = 114341E12604CA14007F9891 /* Format.swift */; };
		114341F02604CA14007F9891 /* HullHelper.swift in Sources */ = {isa = PBXBuildFile; fileRef = 114341E22604CA14007F9891 /* HullHelper.swift */; };
		114341F22604CA14007F9891 /* Intersect.swift in Sources */ = {isa = PBXBuildFile; fileRef = 114341E42604CA14007F9891 /* Intersect.swift */; };
		114341F32604CA14007F9891 /* Convex.swift in Sources */ = {isa = PBXBuildFile; fileRef = 114341E52604CA14007F9891 /* Convex.swift */; };
		114341F42604CA14007F9891 /* Grid.swift in Sources */ = {isa = PBXBuildFile; fileRef = 114341E62604CA14007F9891 /* Grid.swift */; };
		114341F52604CA14007F9891 /* Hull.swift in Sources */ = {isa = PBXBuildFile; fileRef = 114341E72604CA14007F9891 /* Hull.swift */; };
		114341F62604CA14007F9891 /* ConvexHull.swift in Sources */ = {isa = PBXBuildFile; fileRef = 114341E82604CA14007F9891 /* ConvexHull.swift */; };
		114341F72604CA14007F9891 /* PolygonConverter.swift in Sources */ = {isa = PBXBuildFile; fileRef = 114341E92604CA14007F9891 /* PolygonConverter.swift */; };
		117D391E262221DF00E4B3A8 /* Level.lvl in Resources */ = {isa = PBXBuildFile; fileRef = 117D391D262221DF00E4B3A8 /* Level.lvl */; };
		117D39212622221D00E4B3A8 /* Level.swift in Sources */ = {isa = PBXBuildFile; fileRef = 11271CE8260207560042D3A3 /* Level.swift */; };
		11A03B6D25D9CD9400DFF7C3 /* LaunchScreen.storyboard in Resources */ = {isa = PBXBuildFile; fileRef = 11A03B6C25D9CD9400DFF7C3 /* LaunchScreen.storyboard */; };
		11A03B7325DA88A400DFF7C3 /* Missle.swift in Sources */ = {isa = PBXBuildFile; fileRef = 11A03B7225DA88A400DFF7C3 /* Missle.swift */; };
		11A03B7C25DA8C7300DFF7C3 /* ControlPad.swift in Sources */ = {isa = PBXBuildFile; fileRef = 11A03B7B25DA8C7300DFF7C3 /* ControlPad.swift */; };
		11A56D0325DA923500E6B1E1 /* Category.swift in Sources */ = {isa = PBXBuildFile; fileRef = 11A56D0225DA923500E6B1E1 /* Category.swift */; };
		11D113AA25D9A7B60063F332 /* AppDelegate.swift in Sources */ = {isa = PBXBuildFile; fileRef = 11D113A925D9A7B60063F332 /* AppDelegate.swift */; };
		11D113B725D9A7B60063F332 /* Assets.xcassets in Resources */ = {isa = PBXBuildFile; fileRef = 11D113A125D9A7B60063F332 /* Assets.xcassets */; };
		11D113ED25D9C0330063F332 /* GameScene.swift in Sources */ = {isa = PBXBuildFile; fileRef = 11D113EC25D9C0330063F332 /* GameScene.swift */; };
		11D113F125D9C0810063F332 /* GameViewController.swift in Sources */ = {isa = PBXBuildFile; fileRef = 11D113F025D9C0810063F332 /* GameViewController.swift */; };
		11D113F525D9C1F70063F332 /* Unit.swift in Sources */ = {isa = PBXBuildFile; fileRef = 11D113F425D9C1F70063F332 /* Unit.swift */; };
		11D113F925D9C2030063F332 /* Wall.swift in Sources */ = {isa = PBXBuildFile; fileRef = 11D113F825D9C2030063F332 /* Wall.swift */; };
		11D113FD25D9C2390063F332 /* Terrain.swift in Sources */ = {isa = PBXBuildFile; fileRef = 11D113FC25D9C2390063F332 /* Terrain.swift */; };
/* End PBXBuildFile section */

/* Begin PBXFileReference section */
		11271CD3260206F70042D3A3 /* LevelDesign.app */ = {isa = PBXFileReference; explicitFileType = wrapper.application; includeInIndex = 0; path = LevelDesign.app; sourceTree = BUILT_PRODUCTS_DIR; };
		11271CD5260206F70042D3A3 /* AppDelegate.swift */ = {isa = PBXFileReference; lastKnownFileType = sourcecode.swift; path = AppDelegate.swift; sourceTree = "<group>"; };
		11271CD7260206F70042D3A3 /* ViewController.swift */ = {isa = PBXFileReference; lastKnownFileType = sourcecode.swift; path = ViewController.swift; sourceTree = "<group>"; };
		11271CD9260206F90042D3A3 /* Assets.xcassets */ = {isa = PBXFileReference; lastKnownFileType = folder.assetcatalog; path = Assets.xcassets; sourceTree = "<group>"; };
		11271CDC260206F90042D3A3 /* Base */ = {isa = PBXFileReference; lastKnownFileType = file.storyboard; name = Base; path = Base.lproj/Main.storyboard; sourceTree = "<group>"; };
		11271CDE260206F90042D3A3 /* Info.plist */ = {isa = PBXFileReference; lastKnownFileType = text.plist.xml; path = Info.plist; sourceTree = "<group>"; };
		11271CDF260206F90042D3A3 /* LevelDesign.entitlements */ = {isa = PBXFileReference; lastKnownFileType = text.plist.entitlements; path = LevelDesign.entitlements; sourceTree = "<group>"; };
		11271CE8260207560042D3A3 /* Level.swift */ = {isa = PBXFileReference; lastKnownFileType = sourcecode.swift; path = Level.swift; sourceTree = "<group>"; };
		11271CEE26020BA50042D3A3 /* DebugDrawView.swift */ = {isa = PBXFileReference; lastKnownFileType = sourcecode.swift; path = DebugDrawView.swift; sourceTree = "<group>"; };
		114341DB2604CA14007F9891 /* Circumcircle.swift */ = {isa = PBXFileReference; fileEncoding = 4; lastKnownFileType = sourcecode.swift; path = Circumcircle.swift; sourceTree = "<group>"; };
		114341DC2604CA14007F9891 /* TPoint.swift */ = {isa = PBXFileReference; fileEncoding = 4; lastKnownFileType = sourcecode.swift; path = TPoint.swift; sourceTree = "<group>"; };
		114341DD2604CA14007F9891 /* DelaunaySwift.swift */ = {isa = PBXFileReference; fileEncoding = 4; lastKnownFileType = sourcecode.swift; path = DelaunaySwift.swift; sourceTree = "<group>"; };
		114341DE2604CA14007F9891 /* Triangle.swift */ = {isa = PBXFileReference; fileEncoding = 4; lastKnownFileType = sourcecode.swift; path = Triangle.swift; sourceTree = "<group>"; };
		114341DF2604CA14007F9891 /* MatrixGenerator.swift */ = {isa = PBXFileReference; fileEncoding = 4; lastKnownFileType = sourcecode.swift; path = MatrixGenerator.swift; sourceTree = "<group>"; };
		114341E12604CA14007F9891 /* Format.swift */ = {isa = PBXFileReference; fileEncoding = 4; lastKnownFileType = sourcecode.swift; path = Format.swift; sourceTree = "<group>"; };
		114341E22604CA14007F9891 /* HullHelper.swift */ = {isa = PBXFileReference; fileEncoding = 4; lastKnownFileType = sourcecode.swift; path = HullHelper.swift; sourceTree = "<group>"; };
		114341E42604CA14007F9891 /* Intersect.swift */ = {isa = PBXFileReference; fileEncoding = 4; lastKnownFileType = sourcecode.swift; path = Intersect.swift; sourceTree = "<group>"; };
		114341E52604CA14007F9891 /* Convex.swift */ = {isa = PBXFileReference; fileEncoding = 4; lastKnownFileType = sourcecode.swift; path = Convex.swift; sourceTree = "<group>"; };
		114341E62604CA14007F9891 /* Grid.swift */ = {isa = PBXFileReference; fileEncoding = 4; lastKnownFileType = sourcecode.swift; path = Grid.swift; sourceTree = "<group>"; };
		114341E72604CA14007F9891 /* Hull.swift */ = {isa = PBXFileReference; fileEncoding = 4; lastKnownFileType = sourcecode.swift; path = Hull.swift; sourceTree = "<group>"; };
		114341E82604CA14007F9891 /* ConvexHull.swift */ = {isa = PBXFileReference; fileEncoding = 4; lastKnownFileType = sourcecode.swift; path = ConvexHull.swift; sourceTree = "<group>"; };
		114341E92604CA14007F9891 /* PolygonConverter.swift */ = {isa = PBXFileReference; fileEncoding = 4; lastKnownFileType = sourcecode.swift; path = PolygonConverter.swift; sourceTree = "<group>"; };
		117D391D262221DF00E4B3A8 /* Level.lvl */ = {isa = PBXFileReference; fileEncoding = 4; lastKnownFileType = text; path = Level.lvl; sourceTree = "<group>"; };
		11A03B6C25D9CD9400DFF7C3 /* LaunchScreen.storyboard */ = {isa = PBXFileReference; lastKnownFileType = file.storyboard; path = LaunchScreen.storyboard; sourceTree = "<group>"; };
		11A03B7225DA88A400DFF7C3 /* Missle.swift */ = {isa = PBXFileReference; lastKnownFileType = sourcecode.swift; path = Missle.swift; sourceTree = "<group>"; };
		11A03B7B25DA8C7300DFF7C3 /* ControlPad.swift */ = {isa = PBXFileReference; lastKnownFileType = sourcecode.swift; path = ControlPad.swift; sourceTree = "<group>"; };
		11A56D0225DA923500E6B1E1 /* Category.swift */ = {isa = PBXFileReference; lastKnownFileType = sourcecode.swift; path = Category.swift; sourceTree = "<group>"; };
		11D113A125D9A7B60063F332 /* Assets.xcassets */ = {isa = PBXFileReference; lastKnownFileType = folder.assetcatalog; path = Assets.xcassets; sourceTree = "<group>"; };
		11D113A625D9A7B60063F332 /* ZobbleBobble.app */ = {isa = PBXFileReference; explicitFileType = wrapper.application; includeInIndex = 0; path = ZobbleBobble.app; sourceTree = BUILT_PRODUCTS_DIR; };
		11D113A925D9A7B60063F332 /* AppDelegate.swift */ = {isa = PBXFileReference; lastKnownFileType = sourcecode.swift; path = AppDelegate.swift; sourceTree = "<group>"; };
		11D113B325D9A7B60063F332 /* Info.plist */ = {isa = PBXFileReference; lastKnownFileType = text.plist.xml; path = Info.plist; sourceTree = "<group>"; };
		11D113EC25D9C0330063F332 /* GameScene.swift */ = {isa = PBXFileReference; lastKnownFileType = sourcecode.swift; path = GameScene.swift; sourceTree = "<group>"; };
		11D113F025D9C0810063F332 /* GameViewController.swift */ = {isa = PBXFileReference; lastKnownFileType = sourcecode.swift; path = GameViewController.swift; sourceTree = "<group>"; };
		11D113F425D9C1F70063F332 /* Unit.swift */ = {isa = PBXFileReference; lastKnownFileType = sourcecode.swift; path = Unit.swift; sourceTree = "<group>"; };
		11D113F825D9C2030063F332 /* Wall.swift */ = {isa = PBXFileReference; lastKnownFileType = sourcecode.swift; path = Wall.swift; sourceTree = "<group>"; };
		11D113FC25D9C2390063F332 /* Terrain.swift */ = {isa = PBXFileReference; lastKnownFileType = sourcecode.swift; path = Terrain.swift; sourceTree = "<group>"; };
/* End PBXFileReference section */

/* Begin PBXFrameworksBuildPhase section */
		11271CD0260206F70042D3A3 /* Frameworks */ = {
			isa = PBXFrameworksBuildPhase;
			buildActionMask = 2147483647;
			files = (
			);
			runOnlyForDeploymentPostprocessing = 0;
		};
		11D113A325D9A7B60063F332 /* Frameworks */ = {
			isa = PBXFrameworksBuildPhase;
			buildActionMask = 2147483647;
			files = (
			);
			runOnlyForDeploymentPostprocessing = 0;
		};
/* End PBXFrameworksBuildPhase section */

/* Begin PBXGroup section */
		11271CD4260206F70042D3A3 /* LevelDesign */ = {
			isa = PBXGroup;
			children = (
				11D113C125D9A7F00063F332 /* Core */,
				11271CD5260206F70042D3A3 /* AppDelegate.swift */,
				11271CD7260206F70042D3A3 /* ViewController.swift */,
				11271CEE26020BA50042D3A3 /* DebugDrawView.swift */,
				11271CD9260206F90042D3A3 /* Assets.xcassets */,
				11271CDB260206F90042D3A3 /* Main.storyboard */,
				11271CDE260206F90042D3A3 /* Info.plist */,
				11271CDF260206F90042D3A3 /* LevelDesign.entitlements */,
			);
			path = LevelDesign;
			sourceTree = "<group>";
		};
		11271CE7260207420042D3A3 /* Model */ = {
			isa = PBXGroup;
			children = (
				11271CE8260207560042D3A3 /* Level.swift */,
			);
			path = Model;
			sourceTree = "<group>";
		};
		114341DA2604CA14007F9891 /* DelaunayTriangulation */ = {
			isa = PBXGroup;
			children = (
				114341DB2604CA14007F9891 /* Circumcircle.swift */,
				114341DC2604CA14007F9891 /* TPoint.swift */,
				114341DD2604CA14007F9891 /* DelaunaySwift.swift */,
				114341DE2604CA14007F9891 /* Triangle.swift */,
			);
			path = DelaunayTriangulation;
			sourceTree = "<group>";
		};
		114341E02604CA14007F9891 /* ConcaveHull */ = {
			isa = PBXGroup;
			children = (
				114341E12604CA14007F9891 /* Format.swift */,
				114341E22604CA14007F9891 /* HullHelper.swift */,
				114341E42604CA14007F9891 /* Intersect.swift */,
				114341E52604CA14007F9891 /* Convex.swift */,
				114341E62604CA14007F9891 /* Grid.swift */,
				114341E72604CA14007F9891 /* Hull.swift */,
			);
			path = ConcaveHull;
			sourceTree = "<group>";
		};
		117D391C262221CE00E4B3A8 /* Resource */ = {
			isa = PBXGroup;
			children = (
				117D391D262221DF00E4B3A8 /* Level.lvl */,
			);
			path = Resource;
			sourceTree = "<group>";
		};
		11A03B7725DA88AA00DFF7C3 /* Unit */ = {
			isa = PBXGroup;
			children = (
				11D113F425D9C1F70063F332 /* Unit.swift */,
				11A03B7225DA88A400DFF7C3 /* Missle.swift */,
			);
			path = Unit;
			sourceTree = "<group>";
		};
		11A03B7825DA88B200DFF7C3 /* Scene */ = {
			isa = PBXGroup;
			children = (
				11D113F025D9C0810063F332 /* GameViewController.swift */,
				11D113EC25D9C0330063F332 /* GameScene.swift */,
				11A03B7B25DA8C7300DFF7C3 /* ControlPad.swift */,
			);
			path = Scene;
			sourceTree = "<group>";
		};
		11A03B7925DA890300DFF7C3 /* Terrain */ = {
			isa = PBXGroup;
			children = (
				11D113FC25D9C2390063F332 /* Terrain.swift */,
				11D113F825D9C2030063F332 /* Wall.swift */,
			);
			path = Terrain;
			sourceTree = "<group>";
		};
		11D1139825D9A7B50063F332 = {
			isa = PBXGroup;
			children = (
				11D113A725D9A7B60063F332 /* Products */,
				11271CD4260206F70042D3A3 /* LevelDesign */,
				11D1139D25D9A7B50063F332 /* ZobbleBobble Shared */,
				11D113A825D9A7B60063F332 /* ZobbleBobble iOS */,
			);
			sourceTree = "<group>";
		};
		11D1139D25D9A7B50063F332 /* ZobbleBobble Shared */ = {
			isa = PBXGroup;
			children = (
				11271CE7260207420042D3A3 /* Model */,
				11D113A125D9A7B60063F332 /* Assets.xcassets */,
				11A03B6C25D9CD9400DFF7C3 /* LaunchScreen.storyboard */,
			);
			path = "ZobbleBobble Shared";
			sourceTree = "<group>";
		};
		11D113A725D9A7B60063F332 /* Products */ = {
			isa = PBXGroup;
			children = (
				11D113A625D9A7B60063F332 /* ZobbleBobble.app */,
				11271CD3260206F70042D3A3 /* LevelDesign.app */,
			);
			name = Products;
			sourceTree = "<group>";
		};
		11D113A825D9A7B60063F332 /* ZobbleBobble iOS */ = {
			isa = PBXGroup;
			children = (
				11A56D0225DA923500E6B1E1 /* Category.swift */,
				117D391C262221CE00E4B3A8 /* Resource */,
				11A03B7825DA88B200DFF7C3 /* Scene */,
				11A03B7925DA890300DFF7C3 /* Terrain */,
				11A03B7725DA88AA00DFF7C3 /* Unit */,
				11D113DF25D9AD2F0063F332 /* Other */,
			);
			path = "ZobbleBobble iOS";
			sourceTree = "<group>";
		};
		11D113C125D9A7F00063F332 /* Core */ = {
			isa = PBXGroup;
			children = (
				114341E02604CA14007F9891 /* ConcaveHull */,
				114341E82604CA14007F9891 /* ConvexHull.swift */,
				114341DA2604CA14007F9891 /* DelaunayTriangulation */,
				114341DF2604CA14007F9891 /* MatrixGenerator.swift */,
				114341E92604CA14007F9891 /* PolygonConverter.swift */,
			);
			path = Core;
			sourceTree = "<group>";
		};
		11D113DF25D9AD2F0063F332 /* Other */ = {
			isa = PBXGroup;
			children = (
				11D113A925D9A7B60063F332 /* AppDelegate.swift */,
				11D113B325D9A7B60063F332 /* Info.plist */,
			);
			path = Other;
			sourceTree = "<group>";
		};
/* End PBXGroup section */

/* Begin PBXNativeTarget section */
		11271CD2260206F70042D3A3 /* LevelDesign */ = {
			isa = PBXNativeTarget;
			buildConfigurationList = 11271CE2260206FA0042D3A3 /* Build configuration list for PBXNativeTarget "LevelDesign" */;
			buildPhases = (
				11271CCF260206F70042D3A3 /* Sources */,
				11271CD0260206F70042D3A3 /* Frameworks */,
				11271CD1260206F70042D3A3 /* Resources */,
			);
			buildRules = (
			);
			dependencies = (
			);
			name = LevelDesign;
			productName = LevelDesign;
			productReference = 11271CD3260206F70042D3A3 /* LevelDesign.app */;
			productType = "com.apple.product-type.application";
		};
		11D113A525D9A7B60063F332 /* ZobbleBobble iOS */ = {
			isa = PBXNativeTarget;
			buildConfigurationList = 11D113BA25D9A7B60063F332 /* Build configuration list for PBXNativeTarget "ZobbleBobble iOS" */;
			buildPhases = (
				11D113A225D9A7B60063F332 /* Sources */,
				11D113A325D9A7B60063F332 /* Frameworks */,
				11D113A425D9A7B60063F332 /* Resources */,
			);
			buildRules = (
			);
			dependencies = (
			);
			name = "ZobbleBobble iOS";
			productName = "ZobbleBobble iOS";
			productReference = 11D113A625D9A7B60063F332 /* ZobbleBobble.app */;
			productType = "com.apple.product-type.application";
		};
/* End PBXNativeTarget section */

/* Begin PBXProject section */
		11D1139925D9A7B50063F332 /* Project object */ = {
			isa = PBXProject;
			attributes = {
				LastSwiftUpdateCheck = 1240;
				LastUpgradeCheck = 1240;
				TargetAttributes = {
					11271CD2260206F70042D3A3 = {
						CreatedOnToolsVersion = 12.4;
					};
					11D113A525D9A7B60063F332 = {
						CreatedOnToolsVersion = 12.4;
					};
				};
			};
			buildConfigurationList = 11D1139C25D9A7B50063F332 /* Build configuration list for PBXProject "ZobbleBobble" */;
			compatibilityVersion = "Xcode 9.3";
			developmentRegion = en;
			hasScannedForEncodings = 0;
			knownRegions = (
				en,
				Base,
			);
			mainGroup = 11D1139825D9A7B50063F332;
			productRefGroup = 11D113A725D9A7B60063F332 /* Products */;
			projectDirPath = "";
			projectRoot = "";
			targets = (
				11D113A525D9A7B60063F332 /* ZobbleBobble iOS */,
				11271CD2260206F70042D3A3 /* LevelDesign */,
			);
		};
/* End PBXProject section */

/* Begin PBXResourcesBuildPhase section */
		11271CD1260206F70042D3A3 /* Resources */ = {
			isa = PBXResourcesBuildPhase;
			buildActionMask = 2147483647;
			files = (
				11271CDA260206F90042D3A3 /* Assets.xcassets in Resources */,
				11271CDD260206F90042D3A3 /* Main.storyboard in Resources */,
			);
			runOnlyForDeploymentPostprocessing = 0;
		};
		11D113A425D9A7B60063F332 /* Resources */ = {
			isa = PBXResourcesBuildPhase;
			buildActionMask = 2147483647;
			files = (
				117D391E262221DF00E4B3A8 /* Level.lvl in Resources */,
				11D113B725D9A7B60063F332 /* Assets.xcassets in Resources */,
				11A03B6D25D9CD9400DFF7C3 /* LaunchScreen.storyboard in Resources */,
			);
			runOnlyForDeploymentPostprocessing = 0;
		};
/* End PBXResourcesBuildPhase section */

/* Begin PBXSourcesBuildPhase section */
		11271CCF260206F70042D3A3 /* Sources */ = {
			isa = PBXSourcesBuildPhase;
			buildActionMask = 2147483647;
			files = (
				11271CE9260207560042D3A3 /* Level.swift in Sources */,
				114341EF2604CA14007F9891 /* Format.swift in Sources */,
				114341F62604CA14007F9891 /* ConvexHull.swift in Sources */,
				11271CD8260206F70042D3A3 /* ViewController.swift in Sources */,
				114341F42604CA14007F9891 /* Grid.swift in Sources */,
				114341F72604CA14007F9891 /* PolygonConverter.swift in Sources */,
				11271CEF26020BA50042D3A3 /* DebugDrawView.swift in Sources */,
				11271CD6260206F70042D3A3 /* AppDelegate.swift in Sources */,
				114341F22604CA14007F9891 /* Intersect.swift in Sources */,
				114341F02604CA14007F9891 /* HullHelper.swift in Sources */,
				114341F32604CA14007F9891 /* Convex.swift in Sources */,
				114341EE2604CA14007F9891 /* MatrixGenerator.swift in Sources */,
				114341F52604CA14007F9891 /* Hull.swift in Sources */,
			);
			runOnlyForDeploymentPostprocessing = 0;
		};
		11D113A225D9A7B60063F332 /* Sources */ = {
			isa = PBXSourcesBuildPhase;
			buildActionMask = 2147483647;
			files = (
				11D113F525D9C1F70063F332 /* Unit.swift in Sources */,
				11D113F125D9C0810063F332 /* GameViewController.swift in Sources */,
				11D113FD25D9C2390063F332 /* Terrain.swift in Sources */,
				11A03B7C25DA8C7300DFF7C3 /* ControlPad.swift in Sources */,
				11D113ED25D9C0330063F332 /* GameScene.swift in Sources */,
				11D113F925D9C2030063F332 /* Wall.swift in Sources */,
				11A56D0325DA923500E6B1E1 /* Category.swift in Sources */,
				11A03B7325DA88A400DFF7C3 /* Missle.swift in Sources */,
				117D39212622221D00E4B3A8 /* Level.swift in Sources */,
				11D113AA25D9A7B60063F332 /* AppDelegate.swift in Sources */,
			);
			runOnlyForDeploymentPostprocessing = 0;
		};
/* End PBXSourcesBuildPhase section */

/* Begin PBXVariantGroup section */
		11271CDB260206F90042D3A3 /* Main.storyboard */ = {
			isa = PBXVariantGroup;
			children = (
				11271CDC260206F90042D3A3 /* Base */,
			);
			name = Main.storyboard;
			sourceTree = "<group>";
		};
/* End PBXVariantGroup section */

/* Begin XCBuildConfiguration section */
		11271CE0260206FA0042D3A3 /* Debug */ = {
			isa = XCBuildConfiguration;
			buildSettings = {
				ASSETCATALOG_COMPILER_APPICON_NAME = AppIcon;
				ASSETCATALOG_COMPILER_GLOBAL_ACCENT_COLOR_NAME = AccentColor;
				CODE_SIGN_ENTITLEMENTS = LevelDesign/LevelDesign.entitlements;
				CODE_SIGN_STYLE = Automatic;
				COMBINE_HIDPI_IMAGES = YES;
				DEVELOPMENT_TEAM = 4DZU58EZPK;
				ENABLE_HARDENED_RUNTIME = YES;
				INFOPLIST_FILE = LevelDesign/Info.plist;
				LD_RUNPATH_SEARCH_PATHS = (
					"$(inherited)",
					"@executable_path/../Frameworks",
				);
				MACOSX_DEPLOYMENT_TARGET = 11.1;
				PRODUCT_BUNDLE_IDENTIFIER = "-.LevelDesign";
				PRODUCT_NAME = "$(TARGET_NAME)";
				SDKROOT = macosx;
				SWIFT_VERSION = 5.0;
			};
			name = Debug;
		};
		11271CE1260206FA0042D3A3 /* Release */ = {
			isa = XCBuildConfiguration;
			buildSettings = {
				ASSETCATALOG_COMPILER_APPICON_NAME = AppIcon;
				ASSETCATALOG_COMPILER_GLOBAL_ACCENT_COLOR_NAME = AccentColor;
				CODE_SIGN_ENTITLEMENTS = LevelDesign/LevelDesign.entitlements;
				CODE_SIGN_STYLE = Automatic;
				COMBINE_HIDPI_IMAGES = YES;
				DEVELOPMENT_TEAM = 4DZU58EZPK;
				ENABLE_HARDENED_RUNTIME = YES;
				INFOPLIST_FILE = LevelDesign/Info.plist;
				LD_RUNPATH_SEARCH_PATHS = (
					"$(inherited)",
					"@executable_path/../Frameworks",
				);
				MACOSX_DEPLOYMENT_TARGET = 11.1;
				PRODUCT_BUNDLE_IDENTIFIER = "-.LevelDesign";
				PRODUCT_NAME = "$(TARGET_NAME)";
				SDKROOT = macosx;
				SWIFT_VERSION = 5.0;
			};
			name = Release;
		};
		11D113B825D9A7B60063F332 /* Debug */ = {
			isa = XCBuildConfiguration;
			buildSettings = {
				ALWAYS_SEARCH_USER_PATHS = NO;
				CLANG_ANALYZER_NONNULL = YES;
				CLANG_ANALYZER_NUMBER_OBJECT_CONVERSION = YES_AGGRESSIVE;
				CLANG_CXX_LANGUAGE_STANDARD = "gnu++14";
				CLANG_CXX_LIBRARY = "libc++";
				CLANG_ENABLE_MODULES = YES;
				CLANG_ENABLE_OBJC_ARC = YES;
				CLANG_ENABLE_OBJC_WEAK = YES;
				CLANG_WARN_BLOCK_CAPTURE_AUTORELEASING = YES;
				CLANG_WARN_BOOL_CONVERSION = YES;
				CLANG_WARN_COMMA = YES;
				CLANG_WARN_CONSTANT_CONVERSION = YES;
				CLANG_WARN_DEPRECATED_OBJC_IMPLEMENTATIONS = YES;
				CLANG_WARN_DIRECT_OBJC_ISA_USAGE = YES_ERROR;
				CLANG_WARN_DOCUMENTATION_COMMENTS = YES;
				CLANG_WARN_EMPTY_BODY = YES;
				CLANG_WARN_ENUM_CONVERSION = YES;
				CLANG_WARN_INFINITE_RECURSION = YES;
				CLANG_WARN_INT_CONVERSION = YES;
				CLANG_WARN_NON_LITERAL_NULL_CONVERSION = YES;
				CLANG_WARN_OBJC_IMPLICIT_RETAIN_SELF = YES;
				CLANG_WARN_OBJC_LITERAL_CONVERSION = YES;
				CLANG_WARN_OBJC_ROOT_CLASS = YES_ERROR;
				CLANG_WARN_QUOTED_INCLUDE_IN_FRAMEWORK_HEADER = YES;
				CLANG_WARN_RANGE_LOOP_ANALYSIS = YES;
				CLANG_WARN_STRICT_PROTOTYPES = YES;
				CLANG_WARN_SUSPICIOUS_MOVE = YES;
				CLANG_WARN_UNGUARDED_AVAILABILITY = YES_AGGRESSIVE;
				CLANG_WARN_UNREACHABLE_CODE = YES;
				CLANG_WARN__DUPLICATE_METHOD_MATCH = YES;
				COPY_PHASE_STRIP = NO;
				DEBUG_INFORMATION_FORMAT = dwarf;
				ENABLE_STRICT_OBJC_MSGSEND = YES;
				ENABLE_TESTABILITY = YES;
				GCC_C_LANGUAGE_STANDARD = gnu11;
				GCC_DYNAMIC_NO_PIC = NO;
				GCC_NO_COMMON_BLOCKS = YES;
				GCC_OPTIMIZATION_LEVEL = 0;
				GCC_PREPROCESSOR_DEFINITIONS = (
					"DEBUG=1",
					"$(inherited)",
				);
				GCC_WARN_64_TO_32_BIT_CONVERSION = YES;
				GCC_WARN_ABOUT_RETURN_TYPE = YES_ERROR;
				GCC_WARN_UNDECLARED_SELECTOR = YES;
				GCC_WARN_UNINITIALIZED_AUTOS = YES_AGGRESSIVE;
				GCC_WARN_UNUSED_FUNCTION = YES;
				GCC_WARN_UNUSED_VARIABLE = YES;
				MTL_ENABLE_DEBUG_INFO = INCLUDE_SOURCE;
				MTL_FAST_MATH = YES;
				ONLY_ACTIVE_ARCH = YES;
				SWIFT_ACTIVE_COMPILATION_CONDITIONS = DEBUG;
				SWIFT_OPTIMIZATION_LEVEL = "-Onone";
			};
			name = Debug;
		};
		11D113B925D9A7B60063F332 /* Release */ = {
			isa = XCBuildConfiguration;
			buildSettings = {
				ALWAYS_SEARCH_USER_PATHS = NO;
				CLANG_ANALYZER_NONNULL = YES;
				CLANG_ANALYZER_NUMBER_OBJECT_CONVERSION = YES_AGGRESSIVE;
				CLANG_CXX_LANGUAGE_STANDARD = "gnu++14";
				CLANG_CXX_LIBRARY = "libc++";
				CLANG_ENABLE_MODULES = YES;
				CLANG_ENABLE_OBJC_ARC = YES;
				CLANG_ENABLE_OBJC_WEAK = YES;
				CLANG_WARN_BLOCK_CAPTURE_AUTORELEASING = YES;
				CLANG_WARN_BOOL_CONVERSION = YES;
				CLANG_WARN_COMMA = YES;
				CLANG_WARN_CONSTANT_CONVERSION = YES;
				CLANG_WARN_DEPRECATED_OBJC_IMPLEMENTATIONS = YES;
				CLANG_WARN_DIRECT_OBJC_ISA_USAGE = YES_ERROR;
				CLANG_WARN_DOCUMENTATION_COMMENTS = YES;
				CLANG_WARN_EMPTY_BODY = YES;
				CLANG_WARN_ENUM_CONVERSION = YES;
				CLANG_WARN_INFINITE_RECURSION = YES;
				CLANG_WARN_INT_CONVERSION = YES;
				CLANG_WARN_NON_LITERAL_NULL_CONVERSION = YES;
				CLANG_WARN_OBJC_IMPLICIT_RETAIN_SELF = YES;
				CLANG_WARN_OBJC_LITERAL_CONVERSION = YES;
				CLANG_WARN_OBJC_ROOT_CLASS = YES_ERROR;
				CLANG_WARN_QUOTED_INCLUDE_IN_FRAMEWORK_HEADER = YES;
				CLANG_WARN_RANGE_LOOP_ANALYSIS = YES;
				CLANG_WARN_STRICT_PROTOTYPES = YES;
				CLANG_WARN_SUSPICIOUS_MOVE = YES;
				CLANG_WARN_UNGUARDED_AVAILABILITY = YES_AGGRESSIVE;
				CLANG_WARN_UNREACHABLE_CODE = YES;
				CLANG_WARN__DUPLICATE_METHOD_MATCH = YES;
				COPY_PHASE_STRIP = NO;
				DEBUG_INFORMATION_FORMAT = "dwarf-with-dsym";
				ENABLE_NS_ASSERTIONS = NO;
				ENABLE_STRICT_OBJC_MSGSEND = YES;
				GCC_C_LANGUAGE_STANDARD = gnu11;
				GCC_NO_COMMON_BLOCKS = YES;
				GCC_WARN_64_TO_32_BIT_CONVERSION = YES;
				GCC_WARN_ABOUT_RETURN_TYPE = YES_ERROR;
				GCC_WARN_UNDECLARED_SELECTOR = YES;
				GCC_WARN_UNINITIALIZED_AUTOS = YES_AGGRESSIVE;
				GCC_WARN_UNUSED_FUNCTION = YES;
				GCC_WARN_UNUSED_VARIABLE = YES;
				MTL_ENABLE_DEBUG_INFO = NO;
				MTL_FAST_MATH = YES;
				SWIFT_COMPILATION_MODE = wholemodule;
				SWIFT_OPTIMIZATION_LEVEL = "-O";
			};
			name = Release;
		};
		11D113BB25D9A7B60063F332 /* Debug */ = {
			isa = XCBuildConfiguration;
			buildSettings = {
				ASSETCATALOG_COMPILER_APPICON_NAME = AppIcon;
				ASSETCATALOG_COMPILER_GLOBAL_ACCENT_COLOR_NAME = AccentColor;
				CODE_SIGN_STYLE = Automatic;
				DEVELOPMENT_TEAM = 4DZU58EZPK;
				INFOPLIST_FILE = "ZobbleBobble iOS/Other/Info.plist";
				IPHONEOS_DEPLOYMENT_TARGET = 9.0;
				LD_RUNPATH_SEARCH_PATHS = (
					"$(inherited)",
					"@executable_path/Frameworks",
				);
				PRODUCT_BUNDLE_IDENTIFIER = com.ozz.ZobbleBobble;
				PRODUCT_NAME = ZobbleBobble;
				SDKROOT = iphoneos;
				SWIFT_VERSION = 5.0;
				TARGETED_DEVICE_FAMILY = "1,2";
			};
			name = Debug;
		};
		11D113BC25D9A7B60063F332 /* Release */ = {
			isa = XCBuildConfiguration;
			buildSettings = {
				ASSETCATALOG_COMPILER_APPICON_NAME = AppIcon;
				ASSETCATALOG_COMPILER_GLOBAL_ACCENT_COLOR_NAME = AccentColor;
				CODE_SIGN_STYLE = Automatic;
				DEVELOPMENT_TEAM = 4DZU58EZPK;
				INFOPLIST_FILE = "ZobbleBobble iOS/Other/Info.plist";
				IPHONEOS_DEPLOYMENT_TARGET = 9.0;
				LD_RUNPATH_SEARCH_PATHS = (
					"$(inherited)",
					"@executable_path/Frameworks",
				);
				PRODUCT_BUNDLE_IDENTIFIER = com.ozz.ZobbleBobble;
				PRODUCT_NAME = ZobbleBobble;
				SDKROOT = iphoneos;
				SWIFT_VERSION = 5.0;
				TARGETED_DEVICE_FAMILY = "1,2";
				VALIDATE_PRODUCT = YES;
			};
			name = Release;
		};
/* End XCBuildConfiguration section */

/* Begin XCConfigurationList section */
		11271CE2260206FA0042D3A3 /* Build configuration list for PBXNativeTarget "LevelDesign" */ = {
			isa = XCConfigurationList;
			buildConfigurations = (
				11271CE0260206FA0042D3A3 /* Debug */,
				11271CE1260206FA0042D3A3 /* Release */,
			);
			defaultConfigurationIsVisible = 0;
			defaultConfigurationName = Release;
		};
		11D1139C25D9A7B50063F332 /* Build configuration list for PBXProject "ZobbleBobble" */ = {
			isa = XCConfigurationList;
			buildConfigurations = (
				11D113B825D9A7B60063F332 /* Debug */,
				11D113B925D9A7B60063F332 /* Release */,
			);
			defaultConfigurationIsVisible = 0;
			defaultConfigurationName = Release;
		};
		11D113BA25D9A7B60063F332 /* Build configuration list for PBXNativeTarget "ZobbleBobble iOS" */ = {
			isa = XCConfigurationList;
			buildConfigurations = (
				11D113BB25D9A7B60063F332 /* Debug */,
				11D113BC25D9A7B60063F332 /* Release */,
			);
			defaultConfigurationIsVisible = 0;
			defaultConfigurationName = Release;
		};
/* End XCConfigurationList section */
	};
	rootObject = 11D1139925D9A7B50063F332 /* Project object */;
}
